// !$*UTF8*$!
{
	archiveVersion = 1;
	classes = {
	};
	objectVersion = 46;
	objects = {

/* Begin PBXBuildFile section */
		D32E11CD400F82B1DCE4CE15 /* Pods_SwiftKitTests.framework in Frameworks */ = {isa = PBXBuildFile; fileRef = B2DE9C9C07DC93B4E6269F81 /* Pods_SwiftKitTests.framework */; };
		DCA59360CB85D6B296F1BC65 /* Pods_SwiftKit.framework in Frameworks */ = {isa = PBXBuildFile; fileRef = BAE7934CA54D6546A09DB278 /* Pods_SwiftKit.framework */; };
		DCA815BA1E36119400C78A44 /* SwiftKit.framework in Frameworks */ = {isa = PBXBuildFile; fileRef = DCA815B11E36119400C78A44 /* SwiftKit.framework */; };
		DCA815C91E3611C700C78A44 /* Info.plist in Resources */ = {isa = PBXBuildFile; fileRef = DCA815C81E3611C700C78A44 /* Info.plist */; };
		DCA815FF1E36135A00C78A44 /* SwiftKitTests.swift in Sources */ = {isa = PBXBuildFile; fileRef = 18E4845D1BA8BFB1004CB09A /* SwiftKitTests.swift */; };
		DCA8165F1E361B4C00C78A44 /* JsonSerializer.swift in Sources */ = {isa = PBXBuildFile; fileRef = DCA8165E1E361B4C00C78A44 /* JsonSerializer.swift */; };
		DCA816A21E361B5900C78A44 /* DeserializationError.swift in Sources */ = {isa = PBXBuildFile; fileRef = DCA816611E361B5900C78A44 /* DeserializationError.swift */; };
		DCA816A31E361B5900C78A44 /* DeserializableData.swift in Sources */ = {isa = PBXBuildFile; fileRef = DCA816631E361B5900C78A44 /* DeserializableData.swift */; };
		DCA816A41E361B5900C78A44 /* DeserializableMappableDataWrapper.swift in Sources */ = {isa = PBXBuildFile; fileRef = DCA816641E361B5900C78A44 /* DeserializableMappableDataWrapper.swift */; };
		DCA816A51E361B5900C78A44 /* MappableData.swift in Sources */ = {isa = PBXBuildFile; fileRef = DCA816651E361B5900C78A44 /* MappableData.swift */; };
		DCA816A61E361B5900C78A44 /* SerializableData.swift in Sources */ = {isa = PBXBuildFile; fileRef = DCA816661E361B5900C78A44 /* SerializableData.swift */; };
		DCA816A71E361B5900C78A44 /* SerializableMappableDataWrapper.swift in Sources */ = {isa = PBXBuildFile; fileRef = DCA816671E361B5900C78A44 /* SerializableMappableDataWrapper.swift */; };
		DCA816A81E361B5900C78A44 /* Deserializable.swift in Sources */ = {isa = PBXBuildFile; fileRef = DCA816691E361B5900C78A44 /* Deserializable.swift */; };
		DCA816A91E361B5900C78A44 /* Mappable.swift in Sources */ = {isa = PBXBuildFile; fileRef = DCA8166A1E361B5900C78A44 /* Mappable.swift */; };
		DCA816AA1E361B5900C78A44 /* Serializable.swift in Sources */ = {isa = PBXBuildFile; fileRef = DCA8166B1E361B5900C78A44 /* Serializable.swift */; };
		DCA816AB1E361B5900C78A44 /* ObjectMapper.swift in Sources */ = {isa = PBXBuildFile; fileRef = DCA8166C1E361B5900C78A44 /* ObjectMapper.swift */; };
		DCA816AC1E361B5900C78A44 /* Polymorph.swift in Sources */ = {isa = PBXBuildFile; fileRef = DCA8166D1E361B5900C78A44 /* Polymorph.swift */; };
		DCA816AD1E361B5900C78A44 /* Serializer.swift in Sources */ = {isa = PBXBuildFile; fileRef = DCA8166E1E361B5900C78A44 /* Serializer.swift */; };
		DCA816AE1E361B5900C78A44 /* GenericPolymorphicInfo.swift in Sources */ = {isa = PBXBuildFile; fileRef = DCA816701E361B5900C78A44 /* GenericPolymorphicInfo.swift */; };
		DCA816AF1E361B5900C78A44 /* PolymorphDataProvider.swift in Sources */ = {isa = PBXBuildFile; fileRef = DCA816711E361B5900C78A44 /* PolymorphDataProvider.swift */; };
		DCA816B01E361B5900C78A44 /* Polymorphic.swift in Sources */ = {isa = PBXBuildFile; fileRef = DCA816721E361B5900C78A44 /* Polymorphic.swift */; };
		DCA816B11E361B5900C78A44 /* PolymorphicInfo.swift in Sources */ = {isa = PBXBuildFile; fileRef = DCA816731E361B5900C78A44 /* PolymorphicInfo.swift */; };
		DCA816B21E361B5900C78A44 /* PolymorphicDeserializable.swift in Sources */ = {isa = PBXBuildFile; fileRef = DCA816751E361B5900C78A44 /* PolymorphicDeserializable.swift */; };
		DCA816B31E361B5900C78A44 /* PolymorphicMappable.swift in Sources */ = {isa = PBXBuildFile; fileRef = DCA816761E361B5900C78A44 /* PolymorphicMappable.swift */; };
		DCA816B41E361B5900C78A44 /* PolymorphicSerializable.swift in Sources */ = {isa = PBXBuildFile; fileRef = DCA816771E361B5900C78A44 /* PolymorphicSerializable.swift */; };
		DCA816B51E361B5900C78A44 /* StaticPolymorph.swift in Sources */ = {isa = PBXBuildFile; fileRef = DCA816781E361B5900C78A44 /* StaticPolymorph.swift */; };
		DCA816B61E361B5900C78A44 /* SupportedType.swift in Sources */ = {isa = PBXBuildFile; fileRef = DCA816791E361B5900C78A44 /* SupportedType.swift */; };
		DCA816B71E361B5900C78A44 /* AnyTransformation.swift in Sources */ = {isa = PBXBuildFile; fileRef = DCA8167B1E361B5900C78A44 /* AnyTransformation.swift */; };
		DCA816B81E361B5900C78A44 /* CompositeTransformation.swift in Sources */ = {isa = PBXBuildFile; fileRef = DCA8167C1E361B5900C78A44 /* CompositeTransformation.swift */; };
		DCA816B91E361B5900C78A44 /* Bool+SupportedTypeConvertible.swift in Sources */ = {isa = PBXBuildFile; fileRef = DCA8167E1E361B5900C78A44 /* Bool+SupportedTypeConvertible.swift */; };
		DCA816BA1E361B5900C78A44 /* Double+SupportedTypeConvertible.swift in Sources */ = {isa = PBXBuildFile; fileRef = DCA8167F1E361B5900C78A44 /* Double+SupportedTypeConvertible.swift */; };
		DCA816BB1E361B5900C78A44 /* Int+SupportedTypeConvertible.swift in Sources */ = {isa = PBXBuildFile; fileRef = DCA816801E361B5900C78A44 /* Int+SupportedTypeConvertible.swift */; };
		DCA816BC1E361B5900C78A44 /* String+SupportedTypeConvertible.swift in Sources */ = {isa = PBXBuildFile; fileRef = DCA816811E361B5900C78A44 /* String+SupportedTypeConvertible.swift */; };
		DCA816BD1E361B5900C78A44 /* URL+SupportedTypeConvertible.swift in Sources */ = {isa = PBXBuildFile; fileRef = DCA816821E361B5900C78A44 /* URL+SupportedTypeConvertible.swift */; };
		DCA816BE1E361B5900C78A44 /* DelegatedTransformation.swift in Sources */ = {isa = PBXBuildFile; fileRef = DCA816831E361B5900C78A44 /* DelegatedTransformation.swift */; };
		DCA816BF1E361B5900C78A44 /* AnyDeserializableTransformation.swift in Sources */ = {isa = PBXBuildFile; fileRef = DCA816851E361B5900C78A44 /* AnyDeserializableTransformation.swift */; };
		DCA816C01E361B5900C78A44 /* CompositeDeserializableTransformation.swift in Sources */ = {isa = PBXBuildFile; fileRef = DCA816861E361B5900C78A44 /* CompositeDeserializableTransformation.swift */; };
		DCA816C11E361B5900C78A44 /* DelegatedDeserializableTransformation.swift in Sources */ = {isa = PBXBuildFile; fileRef = DCA816871E361B5900C78A44 /* DelegatedDeserializableTransformation.swift */; };
		DCA816C21E361B5900C78A44 /* DeserializableSupportedTypeConvertible.swift in Sources */ = {isa = PBXBuildFile; fileRef = DCA816881E361B5900C78A44 /* DeserializableSupportedTypeConvertible.swift */; };
		DCA816C31E361B5900C78A44 /* DeserializableTransformation.swift in Sources */ = {isa = PBXBuildFile; fileRef = DCA816891E361B5900C78A44 /* DeserializableTransformation.swift */; };
		DCA816C41E361B5900C78A44 /* AnySerializableTransformation.swift in Sources */ = {isa = PBXBuildFile; fileRef = DCA8168B1E361B5900C78A44 /* AnySerializableTransformation.swift */; };
		DCA816C51E361B5900C78A44 /* CompositeSerializableTransformation.swift in Sources */ = {isa = PBXBuildFile; fileRef = DCA8168C1E361B5900C78A44 /* CompositeSerializableTransformation.swift */; };
		DCA816C61E361B5900C78A44 /* DelegatedSerializableTransformation.swift in Sources */ = {isa = PBXBuildFile; fileRef = DCA8168D1E361B5900C78A44 /* DelegatedSerializableTransformation.swift */; };
		DCA816C71E361B5900C78A44 /* SerializableSupportedTypeConvertible.swift in Sources */ = {isa = PBXBuildFile; fileRef = DCA8168E1E361B5900C78A44 /* SerializableSupportedTypeConvertible.swift */; };
		DCA816C81E361B5900C78A44 /* SerializableTransformation.swift in Sources */ = {isa = PBXBuildFile; fileRef = DCA8168F1E361B5900C78A44 /* SerializableTransformation.swift */; };
		DCA816C91E361B5900C78A44 /* SupportedTypeConvertible.swift in Sources */ = {isa = PBXBuildFile; fileRef = DCA816901E361B5900C78A44 /* SupportedTypeConvertible.swift */; };
		DCA816CA1E361B5900C78A44 /* Transformation.swift in Sources */ = {isa = PBXBuildFile; fileRef = DCA816911E361B5900C78A44 /* Transformation.swift */; };
		DCA816CB1E361B5900C78A44 /* CustomDateFormatTransformation.swift in Sources */ = {isa = PBXBuildFile; fileRef = DCA816941E361B5900C78A44 /* CustomDateFormatTransformation.swift */; };
		DCA816CC1E361B5900C78A44 /* DateFormatterTransformation.swift in Sources */ = {isa = PBXBuildFile; fileRef = DCA816951E361B5900C78A44 /* DateFormatterTransformation.swift */; };
		DCA816CD1E361B5900C78A44 /* DateTransformation.swift in Sources */ = {isa = PBXBuildFile; fileRef = DCA816961E361B5900C78A44 /* DateTransformation.swift */; };
		DCA816CE1E361B5900C78A44 /* ISO8601DateTransformation.swift in Sources */ = {isa = PBXBuildFile; fileRef = DCA816971E361B5900C78A44 /* ISO8601DateTransformation.swift */; };
		DCA816CF1E361B5900C78A44 /* EnumTransformation.swift in Sources */ = {isa = PBXBuildFile; fileRef = DCA816981E361B5900C78A44 /* EnumTransformation.swift */; };
		DCA816D01E361B5900C78A44 /* URLTransformation.swift in Sources */ = {isa = PBXBuildFile; fileRef = DCA816991E361B5900C78A44 /* URLTransformation.swift */; };
		DCA816D11E361B5900C78A44 /* BoolTransformation.swift in Sources */ = {isa = PBXBuildFile; fileRef = DCA8169B1E361B5900C78A44 /* BoolTransformation.swift */; };
		DCA816D21E361B5900C78A44 /* DoubleTransformation.swift in Sources */ = {isa = PBXBuildFile; fileRef = DCA8169C1E361B5900C78A44 /* DoubleTransformation.swift */; };
		DCA816D31E361B5900C78A44 /* IntTransformation.swift in Sources */ = {isa = PBXBuildFile; fileRef = DCA8169D1E361B5900C78A44 /* IntTransformation.swift */; };
		DCA816D41E361B5900C78A44 /* StringTransformation.swift in Sources */ = {isa = PBXBuildFile; fileRef = DCA8169E1E361B5900C78A44 /* StringTransformation.swift */; };
		DCA816D51E361B5900C78A44 /* TypedSerializer.swift in Sources */ = {isa = PBXBuildFile; fileRef = DCA8169F1E361B5900C78A44 /* TypedSerializer.swift */; };
		DCA816D61E361B5900C78A44 /* DictionaryUtils.swift in Sources */ = {isa = PBXBuildFile; fileRef = DCA816A11E361B5900C78A44 /* DictionaryUtils.swift */; };
		DCA817141E361BF600C78A44 /* ApiTest.swift in Sources */ = {isa = PBXBuildFile; fileRef = DCA816D81E361B7D00C78A44 /* ApiTest.swift */; };
		DCA817151E361BF600C78A44 /* BoolTransformationTest.swift in Sources */ = {isa = PBXBuildFile; fileRef = DCA816D91E361B7D00C78A44 /* BoolTransformationTest.swift */; };
		DCA817161E361BF600C78A44 /* CompositeTransformationsTest.swift in Sources */ = {isa = PBXBuildFile; fileRef = DCA816DA1E361B7D00C78A44 /* CompositeTransformationsTest.swift */; };
		DCA817171E361BF600C78A44 /* ConvertiblesTest.swift in Sources */ = {isa = PBXBuildFile; fileRef = DCA816DB1E361B7D00C78A44 /* ConvertiblesTest.swift */; };
		DCA817181E361BF600C78A44 /* CustomDateFormatTransformationTest.swift in Sources */ = {isa = PBXBuildFile; fileRef = DCA816DC1E361B7D00C78A44 /* CustomDateFormatTransformationTest.swift */; };
		DCA817191E361BF600C78A44 /* DateFormatterTransformationTest.swift in Sources */ = {isa = PBXBuildFile; fileRef = DCA816DD1E361B7D00C78A44 /* DateFormatterTransformationTest.swift */; };
		DCA8171A1E361BF600C78A44 /* DateTransformationTest.swift in Sources */ = {isa = PBXBuildFile; fileRef = DCA816DE1E361B7D00C78A44 /* DateTransformationTest.swift */; };
		DCA8171B1E361BF600C78A44 /* DelegatedTransformationTest.swift in Sources */ = {isa = PBXBuildFile; fileRef = DCA816DF1E361B7D00C78A44 /* DelegatedTransformationTest.swift */; };
		DCA8171C1E361BF600C78A44 /* DeserializableDataTest.swift in Sources */ = {isa = PBXBuildFile; fileRef = DCA816E01E361B7D00C78A44 /* DeserializableDataTest.swift */; };
		DCA8171D1E361BF600C78A44 /* DeserializableMappableDataWrapperTest.swift in Sources */ = {isa = PBXBuildFile; fileRef = DCA816E11E361B7D00C78A44 /* DeserializableMappableDataWrapperTest.swift */; };
		DCA8171E1E361BF600C78A44 /* DeserializableTest.swift in Sources */ = {isa = PBXBuildFile; fileRef = DCA816E21E361B7D00C78A44 /* DeserializableTest.swift */; };
		DCA8171F1E361BF600C78A44 /* DoubleTransformationTest.swift in Sources */ = {isa = PBXBuildFile; fileRef = DCA816E31E361B7D00C78A44 /* DoubleTransformationTest.swift */; };
		DCA817201E361BF600C78A44 /* EnumTransformationTest.swift in Sources */ = {isa = PBXBuildFile; fileRef = DCA816E41E361B7D00C78A44 /* EnumTransformationTest.swift */; };
		DCA817211E361BF600C78A44 /* GenericPolymorphicInfoTest.swift in Sources */ = {isa = PBXBuildFile; fileRef = DCA816E51E361B7D00C78A44 /* GenericPolymorphicInfoTest.swift */; };
		DCA817221E361BF600C78A44 /* IntTransformationTest.swift in Sources */ = {isa = PBXBuildFile; fileRef = DCA816E61E361B7D00C78A44 /* IntTransformationTest.swift */; };
		DCA817231E361BF600C78A44 /* ISO8601DateTransformationTest.swift in Sources */ = {isa = PBXBuildFile; fileRef = DCA816E71E361B7D00C78A44 /* ISO8601DateTransformationTest.swift */; };
		DCA817241E361BF600C78A44 /* MappableTest.swift in Sources */ = {isa = PBXBuildFile; fileRef = DCA816E81E361B7D00C78A44 /* MappableTest.swift */; };
		DCA817251E361BF600C78A44 /* ObjectMapperTest.swift in Sources */ = {isa = PBXBuildFile; fileRef = DCA816E91E361B7D00C78A44 /* ObjectMapperTest.swift */; };
		DCA817271E361BF600C78A44 /* PerformanceTest.swift in Sources */ = {isa = PBXBuildFile; fileRef = DCA816EB1E361B7D00C78A44 /* PerformanceTest.swift */; };
		DCA817281E361BF600C78A44 /* PolymorphDataProviderTest.swift in Sources */ = {isa = PBXBuildFile; fileRef = DCA816EC1E361B7D00C78A44 /* PolymorphDataProviderTest.swift */; };
		DCA817291E361BF600C78A44 /* PolymorphicTest.swift in Sources */ = {isa = PBXBuildFile; fileRef = DCA816ED1E361B7D00C78A44 /* PolymorphicTest.swift */; };
		DCA8172A1E361BF600C78A44 /* SerializableData.swift in Sources */ = {isa = PBXBuildFile; fileRef = DCA816EE1E361B7D00C78A44 /* SerializableData.swift */; };
		DCA8172B1E361BF600C78A44 /* SerializableMappableDataWrapperTest.swift in Sources */ = {isa = PBXBuildFile; fileRef = DCA816EF1E361B7D00C78A44 /* SerializableMappableDataWrapperTest.swift */; };
		DCA8172C1E361BF600C78A44 /* SerializableTest.swift in Sources */ = {isa = PBXBuildFile; fileRef = DCA816F01E361B7D00C78A44 /* SerializableTest.swift */; };
		DCA8172D1E361BF600C78A44 /* StaticPolymorphTest.swift in Sources */ = {isa = PBXBuildFile; fileRef = DCA816F11E361B7D00C78A44 /* StaticPolymorphTest.swift */; };
		DCA8172E1E361BF600C78A44 /* StringTransformationTest.swift in Sources */ = {isa = PBXBuildFile; fileRef = DCA816F21E361B7D00C78A44 /* StringTransformationTest.swift */; };
		DCA8172F1E361BF600C78A44 /* SupportedTypeTest.swift in Sources */ = {isa = PBXBuildFile; fileRef = DCA816F31E361B7D00C78A44 /* SupportedTypeTest.swift */; };
		DCA817301E361BF600C78A44 /* TransformationTest.swift in Sources */ = {isa = PBXBuildFile; fileRef = DCA816F41E361B7D00C78A44 /* TransformationTest.swift */; };
		DCA817311E361BF600C78A44 /* URLTransformationTest.swift in Sources */ = {isa = PBXBuildFile; fileRef = DCA816F51E361B7D00C78A44 /* URLTransformationTest.swift */; };
/* End PBXBuildFile section */

/* Begin PBXContainerItemProxy section */
		DCA815BB1E36119400C78A44 /* PBXContainerItemProxy */ = {
			isa = PBXContainerItemProxy;
			containerPortal = 6003F582195388D10070C39A /* Project object */;
			proxyType = 1;
			remoteGlobalIDString = DCA815B01E36119400C78A44;
			remoteInfo = SwiftKit;
		};
/* End PBXContainerItemProxy section */

/* Begin PBXFileReference section */
		06A3361664629697F20BE8C3 /* Pods-SwiftKitTests.release.xcconfig */ = {isa = PBXFileReference; includeInIndex = 1; lastKnownFileType = text.xcconfig; name = "Pods-SwiftKitTests.release.xcconfig"; path = "Pods/Target Support Files/Pods-SwiftKitTests/Pods-SwiftKitTests.release.xcconfig"; sourceTree = "<group>"; };
		18E23C421B8A387500B29FC9 /* CHANGELOG.md */ = {isa = PBXFileReference; fileEncoding = 4; lastKnownFileType = net.daringfireball.markdown; path = CHANGELOG.md; sourceTree = "<group>"; };
		18E480DF1BA8BF26004CB09A /* .travis.yml */ = {isa = PBXFileReference; fileEncoding = 4; lastKnownFileType = text; path = .travis.yml; sourceTree = "<group>"; };
		18E4844D1BA8BFB1004CB09A /* SwiftKit.framework */ = {isa = PBXFileReference; explicitFileType = wrapper.framework; includeInIndex = 0; path = SwiftKit.framework; sourceTree = BUILT_PRODUCTS_DIR; };
		18E484561BA8BFB1004CB09A /* SwiftKitTests.xctest */ = {isa = PBXFileReference; explicitFileType = wrapper.cfbundle; includeInIndex = 0; path = SwiftKitTests.xctest; sourceTree = BUILT_PRODUCTS_DIR; };
		18E4845D1BA8BFB1004CB09A /* SwiftKitTests.swift */ = {isa = PBXFileReference; lastKnownFileType = sourcecode.swift; path = SwiftKitTests.swift; sourceTree = "<group>"; };
		1D62DDC16E1C85A5E017C537 /* Pods-Showcase.release.xcconfig */ = {isa = PBXFileReference; includeInIndex = 1; lastKnownFileType = text.xcconfig; name = "Pods-Showcase.release.xcconfig"; path = "Pods/Target Support Files/Pods-Showcase/Pods-Showcase.release.xcconfig"; sourceTree = "<group>"; };
		2EDD550C9736BD9AF8C2C55A /* Pods_Showcase.framework */ = {isa = PBXFileReference; explicitFileType = wrapper.framework; includeInIndex = 0; path = Pods_Showcase.framework; sourceTree = BUILT_PRODUCTS_DIR; };
		5D12B164744D9929A95F5B9D /* Pods-SwiftKit.release.xcconfig */ = {isa = PBXFileReference; includeInIndex = 1; lastKnownFileType = text.xcconfig; name = "Pods-SwiftKit.release.xcconfig"; path = "Pods/Target Support Files/Pods-SwiftKit/Pods-SwiftKit.release.xcconfig"; sourceTree = "<group>"; };
		5E1C57433A6E87B4863BE0A9 /* Pods.framework */ = {isa = PBXFileReference; explicitFileType = wrapper.framework; includeInIndex = 0; path = Pods.framework; sourceTree = BUILT_PRODUCTS_DIR; };
		6003F58D195388D20070C39A /* Foundation.framework */ = {isa = PBXFileReference; lastKnownFileType = wrapper.framework; name = Foundation.framework; path = System/Library/Frameworks/Foundation.framework; sourceTree = SDKROOT; };
		6003F58F195388D20070C39A /* CoreGraphics.framework */ = {isa = PBXFileReference; lastKnownFileType = wrapper.framework; name = CoreGraphics.framework; path = System/Library/Frameworks/CoreGraphics.framework; sourceTree = SDKROOT; };
		6003F591195388D20070C39A /* UIKit.framework */ = {isa = PBXFileReference; lastKnownFileType = wrapper.framework; name = UIKit.framework; path = System/Library/Frameworks/UIKit.framework; sourceTree = SDKROOT; };
		6003F5AF195388D20070C39A /* XCTest.framework */ = {isa = PBXFileReference; lastKnownFileType = wrapper.framework; name = XCTest.framework; path = Library/Frameworks/XCTest.framework; sourceTree = DEVELOPER_DIR; };
		6298A1A6CFCD74D07560058A /* SwiftKit.podspec */ = {isa = PBXFileReference; includeInIndex = 1; lastKnownFileType = text; path = SwiftKit.podspec; sourceTree = "<group>"; };
		71E4442DD32958F54EE30CF2 /* Pods-SwiftKit.debug.xcconfig */ = {isa = PBXFileReference; includeInIndex = 1; lastKnownFileType = text.xcconfig; name = "Pods-SwiftKit.debug.xcconfig"; path = "Pods/Target Support Files/Pods-SwiftKit/Pods-SwiftKit.debug.xcconfig"; sourceTree = "<group>"; };
		8A5A3D6215DD5250671D66F0 /* Pods-SwiftKitTests.debug.xcconfig */ = {isa = PBXFileReference; includeInIndex = 1; lastKnownFileType = text.xcconfig; name = "Pods-SwiftKitTests.debug.xcconfig"; path = "Pods/Target Support Files/Pods-SwiftKitTests/Pods-SwiftKitTests.debug.xcconfig"; sourceTree = "<group>"; };
		A5CEF31739BAA8BA0BCCC47D /* LICENSE */ = {isa = PBXFileReference; includeInIndex = 1; lastKnownFileType = text; path = LICENSE; sourceTree = "<group>"; };
		B2DE9C9C07DC93B4E6269F81 /* Pods_SwiftKitTests.framework */ = {isa = PBXFileReference; explicitFileType = wrapper.framework; includeInIndex = 0; path = Pods_SwiftKitTests.framework; sourceTree = BUILT_PRODUCTS_DIR; };
		BACC98F5132F5D2FA8DDF557 /* README.md */ = {isa = PBXFileReference; includeInIndex = 1; lastKnownFileType = net.daringfireball.markdown; path = README.md; sourceTree = "<group>"; };
		BAE7934CA54D6546A09DB278 /* Pods_SwiftKit.framework */ = {isa = PBXFileReference; explicitFileType = wrapper.framework; includeInIndex = 0; path = Pods_SwiftKit.framework; sourceTree = BUILT_PRODUCTS_DIR; };
		D377A479DD457196E4FC76E9 /* Pods-Showcase.debug.xcconfig */ = {isa = PBXFileReference; includeInIndex = 1; lastKnownFileType = text.xcconfig; name = "Pods-Showcase.debug.xcconfig"; path = "Pods/Target Support Files/Pods-Showcase/Pods-Showcase.debug.xcconfig"; sourceTree = "<group>"; };
		DCA815B11E36119400C78A44 /* SwiftKit.framework */ = {isa = PBXFileReference; explicitFileType = wrapper.framework; includeInIndex = 0; path = SwiftKit.framework; sourceTree = BUILT_PRODUCTS_DIR; };
		DCA815B91E36119400C78A44 /* SwiftKitTests.xctest */ = {isa = PBXFileReference; explicitFileType = wrapper.cfbundle; includeInIndex = 0; path = SwiftKitTests.xctest; sourceTree = BUILT_PRODUCTS_DIR; };
		DCA815C81E3611C700C78A44 /* Info.plist */ = {isa = PBXFileReference; fileEncoding = 4; lastKnownFileType = text.plist.xml; path = Info.plist; sourceTree = "<group>"; };
		DCA8165B1E361B3A00C78A44 /* Info.plist */ = {isa = PBXFileReference; fileEncoding = 4; lastKnownFileType = text.plist.xml; path = Info.plist; sourceTree = "<group>"; };
		DCA8165E1E361B4C00C78A44 /* JsonSerializer.swift */ = {isa = PBXFileReference; fileEncoding = 4; lastKnownFileType = sourcecode.swift; name = JsonSerializer.swift; path = JsonSerializer/JsonSerializer.swift; sourceTree = "<group>"; };
		DCA816611E361B5900C78A44 /* DeserializationError.swift */ = {isa = PBXFileReference; fileEncoding = 4; lastKnownFileType = sourcecode.swift; path = DeserializationError.swift; sourceTree = "<group>"; };
		DCA816631E361B5900C78A44 /* DeserializableData.swift */ = {isa = PBXFileReference; fileEncoding = 4; lastKnownFileType = sourcecode.swift; path = DeserializableData.swift; sourceTree = "<group>"; };
		DCA816641E361B5900C78A44 /* DeserializableMappableDataWrapper.swift */ = {isa = PBXFileReference; fileEncoding = 4; lastKnownFileType = sourcecode.swift; path = DeserializableMappableDataWrapper.swift; sourceTree = "<group>"; };
		DCA816651E361B5900C78A44 /* MappableData.swift */ = {isa = PBXFileReference; fileEncoding = 4; lastKnownFileType = sourcecode.swift; path = MappableData.swift; sourceTree = "<group>"; };
		DCA816661E361B5900C78A44 /* SerializableData.swift */ = {isa = PBXFileReference; fileEncoding = 4; lastKnownFileType = sourcecode.swift; path = SerializableData.swift; sourceTree = "<group>"; };
		DCA816671E361B5900C78A44 /* SerializableMappableDataWrapper.swift */ = {isa = PBXFileReference; fileEncoding = 4; lastKnownFileType = sourcecode.swift; path = SerializableMappableDataWrapper.swift; sourceTree = "<group>"; };
		DCA816691E361B5900C78A44 /* Deserializable.swift */ = {isa = PBXFileReference; fileEncoding = 4; lastKnownFileType = sourcecode.swift; path = Deserializable.swift; sourceTree = "<group>"; };
		DCA8166A1E361B5900C78A44 /* Mappable.swift */ = {isa = PBXFileReference; fileEncoding = 4; lastKnownFileType = sourcecode.swift; path = Mappable.swift; sourceTree = "<group>"; };
		DCA8166B1E361B5900C78A44 /* Serializable.swift */ = {isa = PBXFileReference; fileEncoding = 4; lastKnownFileType = sourcecode.swift; path = Serializable.swift; sourceTree = "<group>"; };
		DCA8166C1E361B5900C78A44 /* ObjectMapper.swift */ = {isa = PBXFileReference; fileEncoding = 4; lastKnownFileType = sourcecode.swift; path = ObjectMapper.swift; sourceTree = "<group>"; };
		DCA8166D1E361B5900C78A44 /* Polymorph.swift */ = {isa = PBXFileReference; fileEncoding = 4; lastKnownFileType = sourcecode.swift; path = Polymorph.swift; sourceTree = "<group>"; };
		DCA8166E1E361B5900C78A44 /* Serializer.swift */ = {isa = PBXFileReference; fileEncoding = 4; lastKnownFileType = sourcecode.swift; path = Serializer.swift; sourceTree = "<group>"; };
		DCA816701E361B5900C78A44 /* GenericPolymorphicInfo.swift */ = {isa = PBXFileReference; fileEncoding = 4; lastKnownFileType = sourcecode.swift; path = GenericPolymorphicInfo.swift; sourceTree = "<group>"; };
		DCA816711E361B5900C78A44 /* PolymorphDataProvider.swift */ = {isa = PBXFileReference; fileEncoding = 4; lastKnownFileType = sourcecode.swift; path = PolymorphDataProvider.swift; sourceTree = "<group>"; };
		DCA816721E361B5900C78A44 /* Polymorphic.swift */ = {isa = PBXFileReference; fileEncoding = 4; lastKnownFileType = sourcecode.swift; path = Polymorphic.swift; sourceTree = "<group>"; };
		DCA816731E361B5900C78A44 /* PolymorphicInfo.swift */ = {isa = PBXFileReference; fileEncoding = 4; lastKnownFileType = sourcecode.swift; path = PolymorphicInfo.swift; sourceTree = "<group>"; };
		DCA816751E361B5900C78A44 /* PolymorphicDeserializable.swift */ = {isa = PBXFileReference; fileEncoding = 4; lastKnownFileType = sourcecode.swift; path = PolymorphicDeserializable.swift; sourceTree = "<group>"; };
		DCA816761E361B5900C78A44 /* PolymorphicMappable.swift */ = {isa = PBXFileReference; fileEncoding = 4; lastKnownFileType = sourcecode.swift; path = PolymorphicMappable.swift; sourceTree = "<group>"; };
		DCA816771E361B5900C78A44 /* PolymorphicSerializable.swift */ = {isa = PBXFileReference; fileEncoding = 4; lastKnownFileType = sourcecode.swift; path = PolymorphicSerializable.swift; sourceTree = "<group>"; };
		DCA816781E361B5900C78A44 /* StaticPolymorph.swift */ = {isa = PBXFileReference; fileEncoding = 4; lastKnownFileType = sourcecode.swift; path = StaticPolymorph.swift; sourceTree = "<group>"; };
		DCA816791E361B5900C78A44 /* SupportedType.swift */ = {isa = PBXFileReference; fileEncoding = 4; lastKnownFileType = sourcecode.swift; path = SupportedType.swift; sourceTree = "<group>"; };
		DCA8167B1E361B5900C78A44 /* AnyTransformation.swift */ = {isa = PBXFileReference; fileEncoding = 4; lastKnownFileType = sourcecode.swift; path = AnyTransformation.swift; sourceTree = "<group>"; };
		DCA8167C1E361B5900C78A44 /* CompositeTransformation.swift */ = {isa = PBXFileReference; fileEncoding = 4; lastKnownFileType = sourcecode.swift; path = CompositeTransformation.swift; sourceTree = "<group>"; };
		DCA8167E1E361B5900C78A44 /* Bool+SupportedTypeConvertible.swift */ = {isa = PBXFileReference; fileEncoding = 4; lastKnownFileType = sourcecode.swift; path = "Bool+SupportedTypeConvertible.swift"; sourceTree = "<group>"; };
		DCA8167F1E361B5900C78A44 /* Double+SupportedTypeConvertible.swift */ = {isa = PBXFileReference; fileEncoding = 4; lastKnownFileType = sourcecode.swift; path = "Double+SupportedTypeConvertible.swift"; sourceTree = "<group>"; };
		DCA816801E361B5900C78A44 /* Int+SupportedTypeConvertible.swift */ = {isa = PBXFileReference; fileEncoding = 4; lastKnownFileType = sourcecode.swift; path = "Int+SupportedTypeConvertible.swift"; sourceTree = "<group>"; };
		DCA816811E361B5900C78A44 /* String+SupportedTypeConvertible.swift */ = {isa = PBXFileReference; fileEncoding = 4; lastKnownFileType = sourcecode.swift; path = "String+SupportedTypeConvertible.swift"; sourceTree = "<group>"; };
		DCA816821E361B5900C78A44 /* URL+SupportedTypeConvertible.swift */ = {isa = PBXFileReference; fileEncoding = 4; lastKnownFileType = sourcecode.swift; path = "URL+SupportedTypeConvertible.swift"; sourceTree = "<group>"; };
		DCA816831E361B5900C78A44 /* DelegatedTransformation.swift */ = {isa = PBXFileReference; fileEncoding = 4; lastKnownFileType = sourcecode.swift; path = DelegatedTransformation.swift; sourceTree = "<group>"; };
		DCA816851E361B5900C78A44 /* AnyDeserializableTransformation.swift */ = {isa = PBXFileReference; fileEncoding = 4; lastKnownFileType = sourcecode.swift; path = AnyDeserializableTransformation.swift; sourceTree = "<group>"; };
		DCA816861E361B5900C78A44 /* CompositeDeserializableTransformation.swift */ = {isa = PBXFileReference; fileEncoding = 4; lastKnownFileType = sourcecode.swift; path = CompositeDeserializableTransformation.swift; sourceTree = "<group>"; };
		DCA816871E361B5900C78A44 /* DelegatedDeserializableTransformation.swift */ = {isa = PBXFileReference; fileEncoding = 4; lastKnownFileType = sourcecode.swift; path = DelegatedDeserializableTransformation.swift; sourceTree = "<group>"; };
		DCA816881E361B5900C78A44 /* DeserializableSupportedTypeConvertible.swift */ = {isa = PBXFileReference; fileEncoding = 4; lastKnownFileType = sourcecode.swift; path = DeserializableSupportedTypeConvertible.swift; sourceTree = "<group>"; };
		DCA816891E361B5900C78A44 /* DeserializableTransformation.swift */ = {isa = PBXFileReference; fileEncoding = 4; lastKnownFileType = sourcecode.swift; path = DeserializableTransformation.swift; sourceTree = "<group>"; };
		DCA8168B1E361B5900C78A44 /* AnySerializableTransformation.swift */ = {isa = PBXFileReference; fileEncoding = 4; lastKnownFileType = sourcecode.swift; path = AnySerializableTransformation.swift; sourceTree = "<group>"; };
		DCA8168C1E361B5900C78A44 /* CompositeSerializableTransformation.swift */ = {isa = PBXFileReference; fileEncoding = 4; lastKnownFileType = sourcecode.swift; path = CompositeSerializableTransformation.swift; sourceTree = "<group>"; };
		DCA8168D1E361B5900C78A44 /* DelegatedSerializableTransformation.swift */ = {isa = PBXFileReference; fileEncoding = 4; lastKnownFileType = sourcecode.swift; path = DelegatedSerializableTransformation.swift; sourceTree = "<group>"; };
		DCA8168E1E361B5900C78A44 /* SerializableSupportedTypeConvertible.swift */ = {isa = PBXFileReference; fileEncoding = 4; lastKnownFileType = sourcecode.swift; path = SerializableSupportedTypeConvertible.swift; sourceTree = "<group>"; };
		DCA8168F1E361B5900C78A44 /* SerializableTransformation.swift */ = {isa = PBXFileReference; fileEncoding = 4; lastKnownFileType = sourcecode.swift; path = SerializableTransformation.swift; sourceTree = "<group>"; };
		DCA816901E361B5900C78A44 /* SupportedTypeConvertible.swift */ = {isa = PBXFileReference; fileEncoding = 4; lastKnownFileType = sourcecode.swift; path = SupportedTypeConvertible.swift; sourceTree = "<group>"; };
		DCA816911E361B5900C78A44 /* Transformation.swift */ = {isa = PBXFileReference; fileEncoding = 4; lastKnownFileType = sourcecode.swift; path = Transformation.swift; sourceTree = "<group>"; };
		DCA816941E361B5900C78A44 /* CustomDateFormatTransformation.swift */ = {isa = PBXFileReference; fileEncoding = 4; lastKnownFileType = sourcecode.swift; path = CustomDateFormatTransformation.swift; sourceTree = "<group>"; };
		DCA816951E361B5900C78A44 /* DateFormatterTransformation.swift */ = {isa = PBXFileReference; fileEncoding = 4; lastKnownFileType = sourcecode.swift; path = DateFormatterTransformation.swift; sourceTree = "<group>"; };
		DCA816961E361B5900C78A44 /* DateTransformation.swift */ = {isa = PBXFileReference; fileEncoding = 4; lastKnownFileType = sourcecode.swift; path = DateTransformation.swift; sourceTree = "<group>"; };
		DCA816971E361B5900C78A44 /* ISO8601DateTransformation.swift */ = {isa = PBXFileReference; fileEncoding = 4; lastKnownFileType = sourcecode.swift; path = ISO8601DateTransformation.swift; sourceTree = "<group>"; };
		DCA816981E361B5900C78A44 /* EnumTransformation.swift */ = {isa = PBXFileReference; fileEncoding = 4; lastKnownFileType = sourcecode.swift; path = EnumTransformation.swift; sourceTree = "<group>"; };
		DCA816991E361B5900C78A44 /* URLTransformation.swift */ = {isa = PBXFileReference; fileEncoding = 4; lastKnownFileType = sourcecode.swift; path = URLTransformation.swift; sourceTree = "<group>"; };
		DCA8169B1E361B5900C78A44 /* BoolTransformation.swift */ = {isa = PBXFileReference; fileEncoding = 4; lastKnownFileType = sourcecode.swift; path = BoolTransformation.swift; sourceTree = "<group>"; };
		DCA8169C1E361B5900C78A44 /* DoubleTransformation.swift */ = {isa = PBXFileReference; fileEncoding = 4; lastKnownFileType = sourcecode.swift; path = DoubleTransformation.swift; sourceTree = "<group>"; };
		DCA8169D1E361B5900C78A44 /* IntTransformation.swift */ = {isa = PBXFileReference; fileEncoding = 4; lastKnownFileType = sourcecode.swift; path = IntTransformation.swift; sourceTree = "<group>"; };
		DCA8169E1E361B5900C78A44 /* StringTransformation.swift */ = {isa = PBXFileReference; fileEncoding = 4; lastKnownFileType = sourcecode.swift; path = StringTransformation.swift; sourceTree = "<group>"; };
		DCA8169F1E361B5900C78A44 /* TypedSerializer.swift */ = {isa = PBXFileReference; fileEncoding = 4; lastKnownFileType = sourcecode.swift; path = TypedSerializer.swift; sourceTree = "<group>"; };
		DCA816A11E361B5900C78A44 /* DictionaryUtils.swift */ = {isa = PBXFileReference; fileEncoding = 4; lastKnownFileType = sourcecode.swift; path = DictionaryUtils.swift; sourceTree = "<group>"; };
		DCA816D81E361B7D00C78A44 /* ApiTest.swift */ = {isa = PBXFileReference; fileEncoding = 4; lastKnownFileType = sourcecode.swift; path = ApiTest.swift; sourceTree = "<group>"; };
		DCA816D91E361B7D00C78A44 /* BoolTransformationTest.swift */ = {isa = PBXFileReference; fileEncoding = 4; lastKnownFileType = sourcecode.swift; path = BoolTransformationTest.swift; sourceTree = "<group>"; };
		DCA816DA1E361B7D00C78A44 /* CompositeTransformationsTest.swift */ = {isa = PBXFileReference; fileEncoding = 4; lastKnownFileType = sourcecode.swift; path = CompositeTransformationsTest.swift; sourceTree = "<group>"; };
		DCA816DB1E361B7D00C78A44 /* ConvertiblesTest.swift */ = {isa = PBXFileReference; fileEncoding = 4; lastKnownFileType = sourcecode.swift; path = ConvertiblesTest.swift; sourceTree = "<group>"; };
		DCA816DC1E361B7D00C78A44 /* CustomDateFormatTransformationTest.swift */ = {isa = PBXFileReference; fileEncoding = 4; lastKnownFileType = sourcecode.swift; path = CustomDateFormatTransformationTest.swift; sourceTree = "<group>"; };
		DCA816DD1E361B7D00C78A44 /* DateFormatterTransformationTest.swift */ = {isa = PBXFileReference; fileEncoding = 4; lastKnownFileType = sourcecode.swift; path = DateFormatterTransformationTest.swift; sourceTree = "<group>"; };
		DCA816DE1E361B7D00C78A44 /* DateTransformationTest.swift */ = {isa = PBXFileReference; fileEncoding = 4; lastKnownFileType = sourcecode.swift; path = DateTransformationTest.swift; sourceTree = "<group>"; };
		DCA816DF1E361B7D00C78A44 /* DelegatedTransformationTest.swift */ = {isa = PBXFileReference; fileEncoding = 4; lastKnownFileType = sourcecode.swift; path = DelegatedTransformationTest.swift; sourceTree = "<group>"; };
		DCA816E01E361B7D00C78A44 /* DeserializableDataTest.swift */ = {isa = PBXFileReference; fileEncoding = 4; lastKnownFileType = sourcecode.swift; path = DeserializableDataTest.swift; sourceTree = "<group>"; };
		DCA816E11E361B7D00C78A44 /* DeserializableMappableDataWrapperTest.swift */ = {isa = PBXFileReference; fileEncoding = 4; lastKnownFileType = sourcecode.swift; path = DeserializableMappableDataWrapperTest.swift; sourceTree = "<group>"; };
		DCA816E21E361B7D00C78A44 /* DeserializableTest.swift */ = {isa = PBXFileReference; fileEncoding = 4; lastKnownFileType = sourcecode.swift; path = DeserializableTest.swift; sourceTree = "<group>"; };
		DCA816E31E361B7D00C78A44 /* DoubleTransformationTest.swift */ = {isa = PBXFileReference; fileEncoding = 4; lastKnownFileType = sourcecode.swift; path = DoubleTransformationTest.swift; sourceTree = "<group>"; };
		DCA816E41E361B7D00C78A44 /* EnumTransformationTest.swift */ = {isa = PBXFileReference; fileEncoding = 4; lastKnownFileType = sourcecode.swift; path = EnumTransformationTest.swift; sourceTree = "<group>"; };
		DCA816E51E361B7D00C78A44 /* GenericPolymorphicInfoTest.swift */ = {isa = PBXFileReference; fileEncoding = 4; lastKnownFileType = sourcecode.swift; path = GenericPolymorphicInfoTest.swift; sourceTree = "<group>"; };
		DCA816E61E361B7D00C78A44 /* IntTransformationTest.swift */ = {isa = PBXFileReference; fileEncoding = 4; lastKnownFileType = sourcecode.swift; path = IntTransformationTest.swift; sourceTree = "<group>"; };
		DCA816E71E361B7D00C78A44 /* ISO8601DateTransformationTest.swift */ = {isa = PBXFileReference; fileEncoding = 4; lastKnownFileType = sourcecode.swift; path = ISO8601DateTransformationTest.swift; sourceTree = "<group>"; };
		DCA816E81E361B7D00C78A44 /* MappableTest.swift */ = {isa = PBXFileReference; fileEncoding = 4; lastKnownFileType = sourcecode.swift; path = MappableTest.swift; sourceTree = "<group>"; };
		DCA816E91E361B7D00C78A44 /* ObjectMapperTest.swift */ = {isa = PBXFileReference; fileEncoding = 4; lastKnownFileType = sourcecode.swift; path = ObjectMapperTest.swift; sourceTree = "<group>"; };
		DCA816EB1E361B7D00C78A44 /* PerformanceTest.swift */ = {isa = PBXFileReference; fileEncoding = 4; lastKnownFileType = sourcecode.swift; path = PerformanceTest.swift; sourceTree = "<group>"; };
		DCA816EC1E361B7D00C78A44 /* PolymorphDataProviderTest.swift */ = {isa = PBXFileReference; fileEncoding = 4; lastKnownFileType = sourcecode.swift; path = PolymorphDataProviderTest.swift; sourceTree = "<group>"; };
		DCA816ED1E361B7D00C78A44 /* PolymorphicTest.swift */ = {isa = PBXFileReference; fileEncoding = 4; lastKnownFileType = sourcecode.swift; path = PolymorphicTest.swift; sourceTree = "<group>"; };
		DCA816EE1E361B7D00C78A44 /* SerializableData.swift */ = {isa = PBXFileReference; fileEncoding = 4; lastKnownFileType = sourcecode.swift; path = SerializableData.swift; sourceTree = "<group>"; };
		DCA816EF1E361B7D00C78A44 /* SerializableMappableDataWrapperTest.swift */ = {isa = PBXFileReference; fileEncoding = 4; lastKnownFileType = sourcecode.swift; path = SerializableMappableDataWrapperTest.swift; sourceTree = "<group>"; };
		DCA816F01E361B7D00C78A44 /* SerializableTest.swift */ = {isa = PBXFileReference; fileEncoding = 4; lastKnownFileType = sourcecode.swift; path = SerializableTest.swift; sourceTree = "<group>"; };
		DCA816F11E361B7D00C78A44 /* StaticPolymorphTest.swift */ = {isa = PBXFileReference; fileEncoding = 4; lastKnownFileType = sourcecode.swift; path = StaticPolymorphTest.swift; sourceTree = "<group>"; };
		DCA816F21E361B7D00C78A44 /* StringTransformationTest.swift */ = {isa = PBXFileReference; fileEncoding = 4; lastKnownFileType = sourcecode.swift; path = StringTransformationTest.swift; sourceTree = "<group>"; };
		DCA816F31E361B7D00C78A44 /* SupportedTypeTest.swift */ = {isa = PBXFileReference; fileEncoding = 4; lastKnownFileType = sourcecode.swift; path = SupportedTypeTest.swift; sourceTree = "<group>"; };
		DCA816F41E361B7D00C78A44 /* TransformationTest.swift */ = {isa = PBXFileReference; fileEncoding = 4; lastKnownFileType = sourcecode.swift; path = TransformationTest.swift; sourceTree = "<group>"; };
		DCA816F51E361B7D00C78A44 /* URLTransformationTest.swift */ = {isa = PBXFileReference; fileEncoding = 4; lastKnownFileType = sourcecode.swift; path = URLTransformationTest.swift; sourceTree = "<group>"; };
/* End PBXFileReference section */

/* Begin PBXFrameworksBuildPhase section */
		DCA815AD1E36119400C78A44 /* Frameworks */ = {
			isa = PBXFrameworksBuildPhase;
			buildActionMask = 2147483647;
			files = (
				DCA59360CB85D6B296F1BC65 /* Pods_SwiftKit.framework in Frameworks */,
			);
			runOnlyForDeploymentPostprocessing = 0;
		};
		DCA815B61E36119400C78A44 /* Frameworks */ = {
			isa = PBXFrameworksBuildPhase;
			buildActionMask = 2147483647;
			files = (
				DCA815BA1E36119400C78A44 /* SwiftKit.framework in Frameworks */,
				D32E11CD400F82B1DCE4CE15 /* Pods_SwiftKitTests.framework in Frameworks */,
			);
			runOnlyForDeploymentPostprocessing = 0;
		};
/* End PBXFrameworksBuildPhase section */

/* Begin PBXGroup section */
		18E4845C1BA8BFB1004CB09A /* Tests */ = {
			isa = PBXGroup;
			children = (
				DCA815C81E3611C700C78A44 /* Info.plist */,
				18E4845D1BA8BFB1004CB09A /* SwiftKitTests.swift */,
				DCA816D71E361B7D00C78A44 /* ObjectMapper */,
			);
			path = Tests;
			sourceTree = "<group>";
		};
		40530704BB654DF2297D1CF7 /* Pods */ = {
			isa = PBXGroup;
			children = (
				D377A479DD457196E4FC76E9 /* Pods-Showcase.debug.xcconfig */,
				1D62DDC16E1C85A5E017C537 /* Pods-Showcase.release.xcconfig */,
				71E4442DD32958F54EE30CF2 /* Pods-SwiftKit.debug.xcconfig */,
				5D12B164744D9929A95F5B9D /* Pods-SwiftKit.release.xcconfig */,
				8A5A3D6215DD5250671D66F0 /* Pods-SwiftKitTests.debug.xcconfig */,
				06A3361664629697F20BE8C3 /* Pods-SwiftKitTests.release.xcconfig */,
			);
			name = Pods;
			sourceTree = "<group>";
		};
		6003F581195388D10070C39A = {
			isa = PBXGroup;
			children = (
				60FF7A9C1954A5C5007DD14C /* Podspec Metadata */,
				DCA8165D1E361B3F00C78A44 /* JsonSerializer */,
				DCA816601E361B5900C78A44 /* ObjectMapper */,
				DCA8165B1E361B3A00C78A44 /* Info.plist */,
				18E4845C1BA8BFB1004CB09A /* Tests */,
				6003F58C195388D20070C39A /* Frameworks */,
				6003F58B195388D20070C39A /* Products */,
				40530704BB654DF2297D1CF7 /* Pods */,
			);
			sourceTree = "<group>";
		};
		6003F58B195388D20070C39A /* Products */ = {
			isa = PBXGroup;
			children = (
				18E4844D1BA8BFB1004CB09A /* SwiftKit.framework */,
				18E484561BA8BFB1004CB09A /* SwiftKitTests.xctest */,
				DCA815B11E36119400C78A44 /* SwiftKit.framework */,
				DCA815B91E36119400C78A44 /* SwiftKitTests.xctest */,
			);
			name = Products;
			sourceTree = "<group>";
		};
		6003F58C195388D20070C39A /* Frameworks */ = {
			isa = PBXGroup;
			children = (
				6003F58D195388D20070C39A /* Foundation.framework */,
				6003F58F195388D20070C39A /* CoreGraphics.framework */,
				6003F591195388D20070C39A /* UIKit.framework */,
				6003F5AF195388D20070C39A /* XCTest.framework */,
				5E1C57433A6E87B4863BE0A9 /* Pods.framework */,
				2EDD550C9736BD9AF8C2C55A /* Pods_Showcase.framework */,
				BAE7934CA54D6546A09DB278 /* Pods_SwiftKit.framework */,
				B2DE9C9C07DC93B4E6269F81 /* Pods_SwiftKitTests.framework */,
			);
			name = Frameworks;
			sourceTree = "<group>";
		};
		60FF7A9C1954A5C5007DD14C /* Podspec Metadata */ = {
			isa = PBXGroup;
			children = (
				18E480DF1BA8BF26004CB09A /* .travis.yml */,
				18E23C421B8A387500B29FC9 /* CHANGELOG.md */,
				6298A1A6CFCD74D07560058A /* SwiftKit.podspec */,
				BACC98F5132F5D2FA8DDF557 /* README.md */,
				A5CEF31739BAA8BA0BCCC47D /* LICENSE */,
			);
			name = "Podspec Metadata";
			sourceTree = "<group>";
		};
		DCA8165D1E361B3F00C78A44 /* JsonSerializer */ = {
			isa = PBXGroup;
			children = (
				DCA8165E1E361B4C00C78A44 /* JsonSerializer.swift */,
			);
			name = JsonSerializer;
			sourceTree = "<group>";
		};
		DCA816601E361B5900C78A44 /* ObjectMapper */ = {
			isa = PBXGroup;
			children = (
				DCA816611E361B5900C78A44 /* DeserializationError.swift */,
				DCA8166C1E361B5900C78A44 /* ObjectMapper.swift */,
				DCA8166D1E361B5900C78A44 /* Polymorph.swift */,
				DCA8166E1E361B5900C78A44 /* Serializer.swift */,
				DCA816791E361B5900C78A44 /* SupportedType.swift */,
				DCA8169F1E361B5900C78A44 /* TypedSerializer.swift */,
				DCA816621E361B5900C78A44 /* Map */,
				DCA816681E361B5900C78A44 /* Mappable */,
				DCA8166F1E361B5900C78A44 /* StaticPolymorph */,
				DCA8167A1E361B5900C78A44 /* Transformation */,
				DCA816A01E361B5900C78A44 /* Utils */,
			);
			path = ObjectMapper;
			sourceTree = "<group>";
		};
		DCA816621E361B5900C78A44 /* Map */ = {
			isa = PBXGroup;
			children = (
				DCA816631E361B5900C78A44 /* DeserializableData.swift */,
				DCA816641E361B5900C78A44 /* DeserializableMappableDataWrapper.swift */,
				DCA816651E361B5900C78A44 /* MappableData.swift */,
				DCA816661E361B5900C78A44 /* SerializableData.swift */,
				DCA816671E361B5900C78A44 /* SerializableMappableDataWrapper.swift */,
			);
			path = Map;
			sourceTree = "<group>";
		};
		DCA816681E361B5900C78A44 /* Mappable */ = {
			isa = PBXGroup;
			children = (
				DCA816691E361B5900C78A44 /* Deserializable.swift */,
				DCA8166A1E361B5900C78A44 /* Mappable.swift */,
				DCA8166B1E361B5900C78A44 /* Serializable.swift */,
			);
			path = Mappable;
			sourceTree = "<group>";
		};
		DCA8166F1E361B5900C78A44 /* StaticPolymorph */ = {
			isa = PBXGroup;
			children = (
				DCA816701E361B5900C78A44 /* GenericPolymorphicInfo.swift */,
				DCA816711E361B5900C78A44 /* PolymorphDataProvider.swift */,
				DCA816721E361B5900C78A44 /* Polymorphic.swift */,
				DCA816731E361B5900C78A44 /* PolymorphicInfo.swift */,
				DCA816781E361B5900C78A44 /* StaticPolymorph.swift */,
				DCA816741E361B5900C78A44 /* PolymorphicMappable */,
			);
			path = StaticPolymorph;
			sourceTree = "<group>";
		};
		DCA816741E361B5900C78A44 /* PolymorphicMappable */ = {
			isa = PBXGroup;
			children = (
				DCA816751E361B5900C78A44 /* PolymorphicDeserializable.swift */,
				DCA816761E361B5900C78A44 /* PolymorphicMappable.swift */,
				DCA816771E361B5900C78A44 /* PolymorphicSerializable.swift */,
			);
			path = PolymorphicMappable;
			sourceTree = "<group>";
		};
		DCA8167A1E361B5900C78A44 /* Transformation */ = {
			isa = PBXGroup;
			children = (
				DCA8167B1E361B5900C78A44 /* AnyTransformation.swift */,
				DCA8167C1E361B5900C78A44 /* CompositeTransformation.swift */,
				DCA816831E361B5900C78A44 /* DelegatedTransformation.swift */,
				DCA816901E361B5900C78A44 /* SupportedTypeConvertible.swift */,
				DCA816911E361B5900C78A44 /* Transformation.swift */,
				DCA8167D1E361B5900C78A44 /* Convertibles */,
				DCA816841E361B5900C78A44 /* Deserializable */,
				DCA8168A1E361B5900C78A44 /* Serializable */,
				DCA816921E361B5900C78A44 /* Transformations */,
			);
			path = Transformation;
			sourceTree = "<group>";
		};
		DCA8167D1E361B5900C78A44 /* Convertibles */ = {
			isa = PBXGroup;
			children = (
				DCA8167E1E361B5900C78A44 /* Bool+SupportedTypeConvertible.swift */,
				DCA8167F1E361B5900C78A44 /* Double+SupportedTypeConvertible.swift */,
				DCA816801E361B5900C78A44 /* Int+SupportedTypeConvertible.swift */,
				DCA816811E361B5900C78A44 /* String+SupportedTypeConvertible.swift */,
				DCA816821E361B5900C78A44 /* URL+SupportedTypeConvertible.swift */,
			);
			path = Convertibles;
			sourceTree = "<group>";
		};
		DCA816841E361B5900C78A44 /* Deserializable */ = {
			isa = PBXGroup;
			children = (
				DCA816851E361B5900C78A44 /* AnyDeserializableTransformation.swift */,
				DCA816861E361B5900C78A44 /* CompositeDeserializableTransformation.swift */,
				DCA816871E361B5900C78A44 /* DelegatedDeserializableTransformation.swift */,
				DCA816881E361B5900C78A44 /* DeserializableSupportedTypeConvertible.swift */,
				DCA816891E361B5900C78A44 /* DeserializableTransformation.swift */,
			);
			path = Deserializable;
			sourceTree = "<group>";
		};
		DCA8168A1E361B5900C78A44 /* Serializable */ = {
			isa = PBXGroup;
			children = (
				DCA8168B1E361B5900C78A44 /* AnySerializableTransformation.swift */,
				DCA8168C1E361B5900C78A44 /* CompositeSerializableTransformation.swift */,
				DCA8168D1E361B5900C78A44 /* DelegatedSerializableTransformation.swift */,
				DCA8168E1E361B5900C78A44 /* SerializableSupportedTypeConvertible.swift */,
				DCA8168F1E361B5900C78A44 /* SerializableTransformation.swift */,
			);
			path = Serializable;
			sourceTree = "<group>";
		};
		DCA816921E361B5900C78A44 /* Transformations */ = {
			isa = PBXGroup;
			children = (
				DCA816981E361B5900C78A44 /* EnumTransformation.swift */,
				DCA816991E361B5900C78A44 /* URLTransformation.swift */,
				DCA816931E361B5900C78A44 /* Date */,
				DCA8169A1E361B5900C78A44 /* Value */,
			);
			path = Transformations;
			sourceTree = "<group>";
		};
		DCA816931E361B5900C78A44 /* Date */ = {
			isa = PBXGroup;
			children = (
				DCA816941E361B5900C78A44 /* CustomDateFormatTransformation.swift */,
				DCA816951E361B5900C78A44 /* DateFormatterTransformation.swift */,
				DCA816961E361B5900C78A44 /* DateTransformation.swift */,
				DCA816971E361B5900C78A44 /* ISO8601DateTransformation.swift */,
			);
			path = Date;
			sourceTree = "<group>";
		};
		DCA8169A1E361B5900C78A44 /* Value */ = {
			isa = PBXGroup;
			children = (
				DCA8169B1E361B5900C78A44 /* BoolTransformation.swift */,
				DCA8169C1E361B5900C78A44 /* DoubleTransformation.swift */,
				DCA8169D1E361B5900C78A44 /* IntTransformation.swift */,
				DCA8169E1E361B5900C78A44 /* StringTransformation.swift */,
			);
			path = Value;
			sourceTree = "<group>";
		};
		DCA816A01E361B5900C78A44 /* Utils */ = {
			isa = PBXGroup;
			children = (
				DCA816A11E361B5900C78A44 /* DictionaryUtils.swift */,
			);
			path = Utils;
			sourceTree = "<group>";
		};
		DCA816D71E361B7D00C78A44 /* ObjectMapper */ = {
			isa = PBXGroup;
			children = (
				DCA816D81E361B7D00C78A44 /* ApiTest.swift */,
				DCA816E91E361B7D00C78A44 /* ObjectMapperTest.swift */,
				DCA816EB1E361B7D00C78A44 /* PerformanceTest.swift */,
				DCA816F31E361B7D00C78A44 /* SupportedTypeTest.swift */,
				DCA817331E361C3300C78A44 /* Map */,
				DCA817341E361C3800C78A44 /* Mappable */,
				DCA817351E361C3F00C78A44 /* StaticPolymorph */,
				DCA817361E361C5200C78A44 /* Transformation */,
				DCA817371E361C5900C78A44 /* Utils */,
			);
			path = ObjectMapper;
			sourceTree = "<group>";
		};
		DCA817331E361C3300C78A44 /* Map */ = {
			isa = PBXGroup;
			children = (
				DCA816E01E361B7D00C78A44 /* DeserializableDataTest.swift */,
				DCA816E11E361B7D00C78A44 /* DeserializableMappableDataWrapperTest.swift */,
				DCA816EE1E361B7D00C78A44 /* SerializableData.swift */,
				DCA816EF1E361B7D00C78A44 /* SerializableMappableDataWrapperTest.swift */,
			);
			name = Map;
			sourceTree = "<group>";
		};
		DCA817341E361C3800C78A44 /* Mappable */ = {
			isa = PBXGroup;
			children = (
				DCA816E21E361B7D00C78A44 /* DeserializableTest.swift */,
				DCA816E81E361B7D00C78A44 /* MappableTest.swift */,
				DCA816F01E361B7D00C78A44 /* SerializableTest.swift */,
			);
			name = Mappable;
			sourceTree = "<group>";
		};
		DCA817351E361C3F00C78A44 /* StaticPolymorph */ = {
			isa = PBXGroup;
			children = (
				DCA816E51E361B7D00C78A44 /* GenericPolymorphicInfoTest.swift */,
				DCA816EC1E361B7D00C78A44 /* PolymorphDataProviderTest.swift */,
				DCA816ED1E361B7D00C78A44 /* PolymorphicTest.swift */,
				DCA816F11E361B7D00C78A44 /* StaticPolymorphTest.swift */,
			);
			name = StaticPolymorph;
			sourceTree = "<group>";
		};
		DCA817361E361C5200C78A44 /* Transformation */ = {
			isa = PBXGroup;
			children = (
				DCA816DC1E361B7D00C78A44 /* CustomDateFormatTransformationTest.swift */,
				DCA816DD1E361B7D00C78A44 /* DateFormatterTransformationTest.swift */,
				DCA816DE1E361B7D00C78A44 /* DateTransformationTest.swift */,
				DCA816DF1E361B7D00C78A44 /* DelegatedTransformationTest.swift */,
				DCA816E31E361B7D00C78A44 /* DoubleTransformationTest.swift */,
				DCA816E41E361B7D00C78A44 /* EnumTransformationTest.swift */,
				DCA816E61E361B7D00C78A44 /* IntTransformationTest.swift */,
				DCA816E71E361B7D00C78A44 /* ISO8601DateTransformationTest.swift */,
				DCA816F21E361B7D00C78A44 /* StringTransformationTest.swift */,
				DCA816F41E361B7D00C78A44 /* TransformationTest.swift */,
				DCA816F51E361B7D00C78A44 /* URLTransformationTest.swift */,
				DCA816DB1E361B7D00C78A44 /* ConvertiblesTest.swift */,
				DCA816DA1E361B7D00C78A44 /* CompositeTransformationsTest.swift */,
				DCA816D91E361B7D00C78A44 /* BoolTransformationTest.swift */,
			);
			name = Transformation;
			sourceTree = "<group>";
		};
		DCA817371E361C5900C78A44 /* Utils */ = {
			isa = PBXGroup;
			children = (
			);
			name = Utils;
			sourceTree = "<group>";
		};
/* End PBXGroup section */

/* Begin PBXHeadersBuildPhase section */
		DCA815AE1E36119400C78A44 /* Headers */ = {
			isa = PBXHeadersBuildPhase;
			buildActionMask = 2147483647;
			files = (
			);
			runOnlyForDeploymentPostprocessing = 0;
		};
/* End PBXHeadersBuildPhase section */

/* Begin PBXNativeTarget section */
		DCA815B01E36119400C78A44 /* SwiftKit */ = {
			isa = PBXNativeTarget;
			buildConfigurationList = DCA815C21E36119500C78A44 /* Build configuration list for PBXNativeTarget "SwiftKit" */;
			buildPhases = (
				685527F1A1687728860479EB /* [CP] Check Pods Manifest.lock */,
				DCA815AC1E36119400C78A44 /* Sources */,
				DCA815AD1E36119400C78A44 /* Frameworks */,
				DCA815AE1E36119400C78A44 /* Headers */,
				DCA815AF1E36119400C78A44 /* Resources */,
				C3DFC23A4C369F56761EB25C /* [CP] Copy Pods Resources */,
			);
			buildRules = (
			);
			dependencies = (
			);
			name = SwiftKit;
			productName = SwiftKit;
			productReference = DCA815B11E36119400C78A44 /* SwiftKit.framework */;
			productType = "com.apple.product-type.framework";
		};
		DCA815B81E36119400C78A44 /* SwiftKitTests */ = {
			isa = PBXNativeTarget;
			buildConfigurationList = DCA815C51E36119500C78A44 /* Build configuration list for PBXNativeTarget "SwiftKitTests" */;
			buildPhases = (
				936D991E7D6288350CDFCBEC /* [CP] Check Pods Manifest.lock */,
				DCA815B51E36119400C78A44 /* Sources */,
				DCA815B61E36119400C78A44 /* Frameworks */,
				DCA815B71E36119400C78A44 /* Resources */,
				7D0B882C3F77920CCE7727FC /* [CP] Embed Pods Frameworks */,
				62BDD27E87CEC62EB3294EDE /* [CP] Copy Pods Resources */,
			);
			buildRules = (
			);
			dependencies = (
				DCA815BC1E36119400C78A44 /* PBXTargetDependency */,
			);
			name = SwiftKitTests;
			productName = SwiftKitTests;
			productReference = DCA815B91E36119400C78A44 /* SwiftKitTests.xctest */;
			productType = "com.apple.product-type.bundle.unit-test";
		};
/* End PBXNativeTarget section */

/* Begin PBXProject section */
		6003F582195388D10070C39A /* Project object */ = {
			isa = PBXProject;
			attributes = {
				CLASSPREFIX = BFY;
				LastSwiftUpdateCheck = 0820;
				LastUpgradeCheck = 0800;
				ORGANIZATIONNAME = Brightify;
				TargetAttributes = {
					DCA815B01E36119400C78A44 = {
						CreatedOnToolsVersion = 8.2.1;
						ProvisioningStyle = Automatic;
					};
					DCA815B81E36119400C78A44 = {
						CreatedOnToolsVersion = 8.2.1;
						ProvisioningStyle = Automatic;
					};
				};
			};
			buildConfigurationList = 6003F585195388D10070C39A /* Build configuration list for PBXProject "SwiftKit" */;
			compatibilityVersion = "Xcode 3.2";
			developmentRegion = English;
			hasScannedForEncodings = 0;
			knownRegions = (
				en,
				Base,
			);
			mainGroup = 6003F581195388D10070C39A;
			productRefGroup = 6003F58B195388D20070C39A /* Products */;
			projectDirPath = "";
			projectRoot = "";
			targets = (
				DCA815B01E36119400C78A44 /* SwiftKit */,
				DCA815B81E36119400C78A44 /* SwiftKitTests */,
			);
		};
/* End PBXProject section */

/* Begin PBXResourcesBuildPhase section */
		DCA815AF1E36119400C78A44 /* Resources */ = {
			isa = PBXResourcesBuildPhase;
			buildActionMask = 2147483647;
			files = (
				DCA815C91E3611C700C78A44 /* Info.plist in Resources */,
			);
			runOnlyForDeploymentPostprocessing = 0;
		};
		DCA815B71E36119400C78A44 /* Resources */ = {
			isa = PBXResourcesBuildPhase;
			buildActionMask = 2147483647;
			files = (
			);
			runOnlyForDeploymentPostprocessing = 0;
		};
/* End PBXResourcesBuildPhase section */

/* Begin PBXShellScriptBuildPhase section */
		62BDD27E87CEC62EB3294EDE /* [CP] Copy Pods Resources */ = {
			isa = PBXShellScriptBuildPhase;
			buildActionMask = 2147483647;
			files = (
			);
			inputPaths = (
			);
			name = "[CP] Copy Pods Resources";
			outputPaths = (
			);
			runOnlyForDeploymentPostprocessing = 0;
			shellPath = /bin/sh;
			shellScript = "\"${SRCROOT}/Pods/Target Support Files/Pods-SwiftKitTests/Pods-SwiftKitTests-resources.sh\"\n";
			showEnvVarsInLog = 0;
		};
		685527F1A1687728860479EB /* [CP] Check Pods Manifest.lock */ = {
			isa = PBXShellScriptBuildPhase;
			buildActionMask = 2147483647;
			files = (
			);
			inputPaths = (
			);
			name = "[CP] Check Pods Manifest.lock";
			outputPaths = (
			);
			runOnlyForDeploymentPostprocessing = 0;
			shellPath = /bin/sh;
			shellScript = "diff \"${PODS_ROOT}/../Podfile.lock\" \"${PODS_ROOT}/Manifest.lock\" > /dev/null\nif [ $? != 0 ] ; then\n    # print error to STDERR\n    echo \"error: The sandbox is not in sync with the Podfile.lock. Run 'pod install' or update your CocoaPods installation.\" >&2\n    exit 1\nfi\n";
			showEnvVarsInLog = 0;
		};
		7D0B882C3F77920CCE7727FC /* [CP] Embed Pods Frameworks */ = {
			isa = PBXShellScriptBuildPhase;
			buildActionMask = 2147483647;
			files = (
			);
			inputPaths = (
			);
			name = "[CP] Embed Pods Frameworks";
			outputPaths = (
			);
			runOnlyForDeploymentPostprocessing = 0;
			shellPath = /bin/sh;
			shellScript = "\"${SRCROOT}/Pods/Target Support Files/Pods-SwiftKitTests/Pods-SwiftKitTests-frameworks.sh\"\n";
			showEnvVarsInLog = 0;
		};
		936D991E7D6288350CDFCBEC /* [CP] Check Pods Manifest.lock */ = {
			isa = PBXShellScriptBuildPhase;
			buildActionMask = 2147483647;
			files = (
			);
			inputPaths = (
			);
			name = "[CP] Check Pods Manifest.lock";
			outputPaths = (
			);
			runOnlyForDeploymentPostprocessing = 0;
			shellPath = /bin/sh;
			shellScript = "diff \"${PODS_ROOT}/../Podfile.lock\" \"${PODS_ROOT}/Manifest.lock\" > /dev/null\nif [ $? != 0 ] ; then\n    # print error to STDERR\n    echo \"error: The sandbox is not in sync with the Podfile.lock. Run 'pod install' or update your CocoaPods installation.\" >&2\n    exit 1\nfi\n";
			showEnvVarsInLog = 0;
		};
		C3DFC23A4C369F56761EB25C /* [CP] Copy Pods Resources */ = {
			isa = PBXShellScriptBuildPhase;
			buildActionMask = 2147483647;
			files = (
			);
			inputPaths = (
			);
			name = "[CP] Copy Pods Resources";
			outputPaths = (
			);
			runOnlyForDeploymentPostprocessing = 0;
			shellPath = /bin/sh;
			shellScript = "\"${SRCROOT}/Pods/Target Support Files/Pods-SwiftKit/Pods-SwiftKit-resources.sh\"\n";
			showEnvVarsInLog = 0;
		};
/* End PBXShellScriptBuildPhase section */

/* Begin PBXSourcesBuildPhase section */
		DCA815AC1E36119400C78A44 /* Sources */ = {
			isa = PBXSourcesBuildPhase;
			buildActionMask = 2147483647;
			files = (
				DCA816C71E361B5900C78A44 /* SerializableSupportedTypeConvertible.swift in Sources */,
				DCA816AB1E361B5900C78A44 /* ObjectMapper.swift in Sources */,
				DCA816B11E361B5900C78A44 /* PolymorphicInfo.swift in Sources */,
				DCA816A31E361B5900C78A44 /* DeserializableData.swift in Sources */,
				DCA816B31E361B5900C78A44 /* PolymorphicMappable.swift in Sources */,
				DCA816BA1E361B5900C78A44 /* Double+SupportedTypeConvertible.swift in Sources */,
				DCA816CB1E361B5900C78A44 /* CustomDateFormatTransformation.swift in Sources */,
				DCA816A91E361B5900C78A44 /* Mappable.swift in Sources */,
				DCA816A51E361B5900C78A44 /* MappableData.swift in Sources */,
				DCA816A81E361B5900C78A44 /* Deserializable.swift in Sources */,
				DCA816A61E361B5900C78A44 /* SerializableData.swift in Sources */,
				DCA816C61E361B5900C78A44 /* DelegatedSerializableTransformation.swift in Sources */,
				DCA816A71E361B5900C78A44 /* SerializableMappableDataWrapper.swift in Sources */,
				DCA816C41E361B5900C78A44 /* AnySerializableTransformation.swift in Sources */,
				DCA816C11E361B5900C78A44 /* DelegatedDeserializableTransformation.swift in Sources */,
				DCA816CF1E361B5900C78A44 /* EnumTransformation.swift in Sources */,
				DCA816BE1E361B5900C78A44 /* DelegatedTransformation.swift in Sources */,
				DCA816BD1E361B5900C78A44 /* URL+SupportedTypeConvertible.swift in Sources */,
				DCA816D51E361B5900C78A44 /* TypedSerializer.swift in Sources */,
				DCA816D21E361B5900C78A44 /* DoubleTransformation.swift in Sources */,
				DCA816BB1E361B5900C78A44 /* Int+SupportedTypeConvertible.swift in Sources */,
				DCA816B61E361B5900C78A44 /* SupportedType.swift in Sources */,
				DCA816AD1E361B5900C78A44 /* Serializer.swift in Sources */,
				DCA816C91E361B5900C78A44 /* SupportedTypeConvertible.swift in Sources */,
				DCA816D01E361B5900C78A44 /* URLTransformation.swift in Sources */,
				DCA816CC1E361B5900C78A44 /* DateFormatterTransformation.swift in Sources */,
				DCA816D41E361B5900C78A44 /* StringTransformation.swift in Sources */,
				DCA816D61E361B5900C78A44 /* DictionaryUtils.swift in Sources */,
				DCA816CE1E361B5900C78A44 /* ISO8601DateTransformation.swift in Sources */,
				DCA816D11E361B5900C78A44 /* BoolTransformation.swift in Sources */,
				DCA816B21E361B5900C78A44 /* PolymorphicDeserializable.swift in Sources */,
				DCA816B51E361B5900C78A44 /* StaticPolymorph.swift in Sources */,
				DCA816B91E361B5900C78A44 /* Bool+SupportedTypeConvertible.swift in Sources */,
				DCA816AA1E361B5900C78A44 /* Serializable.swift in Sources */,
				DCA816AF1E361B5900C78A44 /* PolymorphDataProvider.swift in Sources */,
				DCA816B01E361B5900C78A44 /* Polymorphic.swift in Sources */,
				DCA816C81E361B5900C78A44 /* SerializableTransformation.swift in Sources */,
				DCA816B71E361B5900C78A44 /* AnyTransformation.swift in Sources */,
				DCA816AE1E361B5900C78A44 /* GenericPolymorphicInfo.swift in Sources */,
				DCA8165F1E361B4C00C78A44 /* JsonSerializer.swift in Sources */,
				DCA816CA1E361B5900C78A44 /* Transformation.swift in Sources */,
				DCA816D31E361B5900C78A44 /* IntTransformation.swift in Sources */,
				DCA816AC1E361B5900C78A44 /* Polymorph.swift in Sources */,
				DCA816C01E361B5900C78A44 /* CompositeDeserializableTransformation.swift in Sources */,
				DCA816B41E361B5900C78A44 /* PolymorphicSerializable.swift in Sources */,
				DCA816C21E361B5900C78A44 /* DeserializableSupportedTypeConvertible.swift in Sources */,
				DCA816BF1E361B5900C78A44 /* AnyDeserializableTransformation.swift in Sources */,
				DCA816C51E361B5900C78A44 /* CompositeSerializableTransformation.swift in Sources */,
				DCA816C31E361B5900C78A44 /* DeserializableTransformation.swift in Sources */,
				DCA816B81E361B5900C78A44 /* CompositeTransformation.swift in Sources */,
				DCA816A41E361B5900C78A44 /* DeserializableMappableDataWrapper.swift in Sources */,
				DCA816BC1E361B5900C78A44 /* String+SupportedTypeConvertible.swift in Sources */,
				DCA816CD1E361B5900C78A44 /* DateTransformation.swift in Sources */,
				DCA816A21E361B5900C78A44 /* DeserializationError.swift in Sources */,
			);
			runOnlyForDeploymentPostprocessing = 0;
		};
		DCA815B51E36119400C78A44 /* Sources */ = {
			isa = PBXSourcesBuildPhase;
			buildActionMask = 2147483647;
			files = (
				DCA817141E361BF600C78A44 /* ApiTest.swift in Sources */,
				DCA817251E361BF600C78A44 /* ObjectMapperTest.swift in Sources */,
				DCA817241E361BF600C78A44 /* MappableTest.swift in Sources */,
				DCA817211E361BF600C78A44 /* GenericPolymorphicInfoTest.swift in Sources */,
				DCA815FF1E36135A00C78A44 /* SwiftKitTests.swift in Sources */,
				DCA817181E361BF600C78A44 /* CustomDateFormatTransformationTest.swift in Sources */,
				DCA817201E361BF600C78A44 /* EnumTransformationTest.swift in Sources */,
				DCA8172E1E361BF600C78A44 /* StringTransformationTest.swift in Sources */,
				DCA817161E361BF600C78A44 /* CompositeTransformationsTest.swift in Sources */,
				DCA8171D1E361BF600C78A44 /* DeserializableMappableDataWrapperTest.swift in Sources */,
				DCA817231E361BF600C78A44 /* ISO8601DateTransformationTest.swift in Sources */,
				DCA8172A1E361BF600C78A44 /* SerializableData.swift in Sources */,
				DCA8171A1E361BF600C78A44 /* DateTransformationTest.swift in Sources */,
				DCA817291E361BF600C78A44 /* PolymorphicTest.swift in Sources */,
				DCA817271E361BF600C78A44 /* PerformanceTest.swift in Sources */,
				DCA817221E361BF600C78A44 /* IntTransformationTest.swift in Sources */,
				DCA8171C1E361BF600C78A44 /* DeserializableDataTest.swift in Sources */,
				DCA8171B1E361BF600C78A44 /* DelegatedTransformationTest.swift in Sources */,
				DCA817191E361BF600C78A44 /* DateFormatterTransformationTest.swift in Sources */,
				DCA817301E361BF600C78A44 /* TransformationTest.swift in Sources */,
				DCA817281E361BF600C78A44 /* PolymorphDataProviderTest.swift in Sources */,
				DCA8172C1E361BF600C78A44 /* SerializableTest.swift in Sources */,
				DCA8172F1E361BF600C78A44 /* SupportedTypeTest.swift in Sources */,
				DCA817171E361BF600C78A44 /* ConvertiblesTest.swift in Sources */,
				DCA8172B1E361BF600C78A44 /* SerializableMappableDataWrapperTest.swift in Sources */,
				DCA8171F1E361BF600C78A44 /* DoubleTransformationTest.swift in Sources */,
				DCA817151E361BF600C78A44 /* BoolTransformationTest.swift in Sources */,
				DCA817311E361BF600C78A44 /* URLTransformationTest.swift in Sources */,
				DCA8171E1E361BF600C78A44 /* DeserializableTest.swift in Sources */,
				DCA8172D1E361BF600C78A44 /* StaticPolymorphTest.swift in Sources */,
			);
			runOnlyForDeploymentPostprocessing = 0;
		};
/* End PBXSourcesBuildPhase section */

/* Begin PBXTargetDependency section */
		DCA815BC1E36119400C78A44 /* PBXTargetDependency */ = {
			isa = PBXTargetDependency;
			target = DCA815B01E36119400C78A44 /* SwiftKit */;
			targetProxy = DCA815BB1E36119400C78A44 /* PBXContainerItemProxy */;
		};
/* End PBXTargetDependency section */

/* Begin XCBuildConfiguration section */
		6003F5BD195388D20070C39A /* Debug */ = {
			isa = XCBuildConfiguration;
			buildSettings = {
				ALWAYS_SEARCH_USER_PATHS = NO;
				CLANG_CXX_LANGUAGE_STANDARD = "gnu++0x";
				CLANG_CXX_LIBRARY = "libc++";
				CLANG_ENABLE_MODULES = YES;
				CLANG_ENABLE_OBJC_ARC = YES;
				CLANG_WARN_BOOL_CONVERSION = YES;
				CLANG_WARN_CONSTANT_CONVERSION = YES;
				CLANG_WARN_DIRECT_OBJC_ISA_USAGE = YES_ERROR;
				CLANG_WARN_EMPTY_BODY = YES;
				CLANG_WARN_ENUM_CONVERSION = YES;
				CLANG_WARN_INFINITE_RECURSION = YES;
				CLANG_WARN_INT_CONVERSION = YES;
				CLANG_WARN_OBJC_ROOT_CLASS = YES_ERROR;
				CLANG_WARN_SUSPICIOUS_MOVE = YES;
				CLANG_WARN_UNREACHABLE_CODE = YES;
				CLANG_WARN__DUPLICATE_METHOD_MATCH = YES;
				"CODE_SIGN_IDENTITY[sdk=iphoneos*]" = "iPhone Developer";
				COPY_PHASE_STRIP = NO;
				ENABLE_STRICT_OBJC_MSGSEND = YES;
				ENABLE_TESTABILITY = YES;
				GCC_C_LANGUAGE_STANDARD = gnu99;
				GCC_DYNAMIC_NO_PIC = NO;
				GCC_NO_COMMON_BLOCKS = YES;
				GCC_OPTIMIZATION_LEVEL = 0;
				GCC_PREPROCESSOR_DEFINITIONS = (
					"DEBUG=1",
					"$(inherited)",
				);
				GCC_SYMBOLS_PRIVATE_EXTERN = NO;
				GCC_WARN_64_TO_32_BIT_CONVERSION = YES;
				GCC_WARN_ABOUT_RETURN_TYPE = YES_ERROR;
				GCC_WARN_UNDECLARED_SELECTOR = YES;
				GCC_WARN_UNINITIALIZED_AUTOS = YES_AGGRESSIVE;
				GCC_WARN_UNUSED_FUNCTION = YES;
				GCC_WARN_UNUSED_VARIABLE = YES;
				IPHONEOS_DEPLOYMENT_TARGET = 9.0;
				ONLY_ACTIVE_ARCH = YES;
				SDKROOT = iphoneos;
				SWIFT_OPTIMIZATION_LEVEL = "-Onone";
				SWIFT_VERSION = 3.0;
				TARGETED_DEVICE_FAMILY = "1,2";
			};
			name = Debug;
		};
		6003F5BE195388D20070C39A /* Release */ = {
			isa = XCBuildConfiguration;
			buildSettings = {
				ALWAYS_SEARCH_USER_PATHS = NO;
				CLANG_CXX_LANGUAGE_STANDARD = "gnu++0x";
				CLANG_CXX_LIBRARY = "libc++";
				CLANG_ENABLE_MODULES = YES;
				CLANG_ENABLE_OBJC_ARC = YES;
				CLANG_WARN_BOOL_CONVERSION = YES;
				CLANG_WARN_CONSTANT_CONVERSION = YES;
				CLANG_WARN_DIRECT_OBJC_ISA_USAGE = YES_ERROR;
				CLANG_WARN_EMPTY_BODY = YES;
				CLANG_WARN_ENUM_CONVERSION = YES;
				CLANG_WARN_INFINITE_RECURSION = YES;
				CLANG_WARN_INT_CONVERSION = YES;
				CLANG_WARN_OBJC_ROOT_CLASS = YES_ERROR;
				CLANG_WARN_SUSPICIOUS_MOVE = YES;
				CLANG_WARN_UNREACHABLE_CODE = YES;
				CLANG_WARN__DUPLICATE_METHOD_MATCH = YES;
				"CODE_SIGN_IDENTITY[sdk=iphoneos*]" = "iPhone Developer";
				COPY_PHASE_STRIP = YES;
				ENABLE_NS_ASSERTIONS = NO;
				ENABLE_STRICT_OBJC_MSGSEND = YES;
				GCC_C_LANGUAGE_STANDARD = gnu99;
				GCC_NO_COMMON_BLOCKS = YES;
				GCC_WARN_64_TO_32_BIT_CONVERSION = YES;
				GCC_WARN_ABOUT_RETURN_TYPE = YES_ERROR;
				GCC_WARN_UNDECLARED_SELECTOR = YES;
				GCC_WARN_UNINITIALIZED_AUTOS = YES_AGGRESSIVE;
				GCC_WARN_UNUSED_FUNCTION = YES;
				GCC_WARN_UNUSED_VARIABLE = YES;
				IPHONEOS_DEPLOYMENT_TARGET = 9.0;
				SDKROOT = iphoneos;
				SWIFT_VERSION = 3.0;
				TARGETED_DEVICE_FAMILY = "1,2";
				VALIDATE_PRODUCT = YES;
			};
			name = Release;
		};
		DCA815C31E36119500C78A44 /* Debug */ = {
			isa = XCBuildConfiguration;
			baseConfigurationReference = 71E4442DD32958F54EE30CF2 /* Pods-SwiftKit.debug.xcconfig */;
			buildSettings = {
				CLANG_ANALYZER_NONNULL = YES;
				CLANG_WARN_DOCUMENTATION_COMMENTS = YES;
				CODE_SIGN_IDENTITY = "";
				CURRENT_PROJECT_VERSION = 1;
				DEBUG_INFORMATION_FORMAT = dwarf;
				DEFINES_MODULE = YES;
				DYLIB_COMPATIBILITY_VERSION = 1;
				DYLIB_CURRENT_VERSION = 1;
				DYLIB_INSTALL_NAME_BASE = "@rpath";
				INFOPLIST_FILE = Info.plist;
				INSTALL_PATH = "$(LOCAL_LIBRARY_DIR)/Frameworks";
				IPHONEOS_DEPLOYMENT_TARGET = 10.2;
				LD_RUNPATH_SEARCH_PATHS = "$(inherited) @executable_path/Frameworks @loader_path/Frameworks";
				MTL_ENABLE_DEBUG_INFO = YES;
				PRODUCT_BUNDLE_IDENTIFIER = org.brightify.SwiftKit;
				PRODUCT_NAME = "$(TARGET_NAME)";
				SKIP_INSTALL = YES;
				SWIFT_ACTIVE_COMPILATION_CONDITIONS = DEBUG;
				SWIFT_VERSION = 3.0;
				VERSIONING_SYSTEM = "apple-generic";
				VERSION_INFO_PREFIX = "";
			};
			name = Debug;
		};
		DCA815C41E36119500C78A44 /* Release */ = {
			isa = XCBuildConfiguration;
			baseConfigurationReference = 5D12B164744D9929A95F5B9D /* Pods-SwiftKit.release.xcconfig */;
			buildSettings = {
				CLANG_ANALYZER_NONNULL = YES;
				CLANG_WARN_DOCUMENTATION_COMMENTS = YES;
				CODE_SIGN_IDENTITY = "";
				COPY_PHASE_STRIP = NO;
				CURRENT_PROJECT_VERSION = 1;
				DEBUG_INFORMATION_FORMAT = "dwarf-with-dsym";
				DEFINES_MODULE = YES;
				DYLIB_COMPATIBILITY_VERSION = 1;
				DYLIB_CURRENT_VERSION = 1;
				DYLIB_INSTALL_NAME_BASE = "@rpath";
				INFOPLIST_FILE = Info.plist;
				INSTALL_PATH = "$(LOCAL_LIBRARY_DIR)/Frameworks";
				IPHONEOS_DEPLOYMENT_TARGET = 10.2;
				LD_RUNPATH_SEARCH_PATHS = "$(inherited) @executable_path/Frameworks @loader_path/Frameworks";
				MTL_ENABLE_DEBUG_INFO = NO;
				PRODUCT_BUNDLE_IDENTIFIER = org.brightify.SwiftKit;
				PRODUCT_NAME = "$(TARGET_NAME)";
				SKIP_INSTALL = YES;
				SWIFT_OPTIMIZATION_LEVEL = "-Owholemodule";
				SWIFT_VERSION = 3.0;
				VERSIONING_SYSTEM = "apple-generic";
				VERSION_INFO_PREFIX = "";
			};
			name = Release;
		};
		DCA815C61E36119500C78A44 /* Debug */ = {
			isa = XCBuildConfiguration;
			baseConfigurationReference = 8A5A3D6215DD5250671D66F0 /* Pods-SwiftKitTests.debug.xcconfig */;
			buildSettings = {
				ALWAYS_EMBED_SWIFT_STANDARD_LIBRARIES = YES;
				CLANG_ANALYZER_NONNULL = YES;
				CLANG_WARN_DOCUMENTATION_COMMENTS = YES;
				DEBUG_INFORMATION_FORMAT = dwarf;
				INFOPLIST_FILE = Tests/Info.plist;
				IPHONEOS_DEPLOYMENT_TARGET = 10.2;
				LD_RUNPATH_SEARCH_PATHS = "$(inherited) @executable_path/Frameworks @loader_path/Frameworks";
				MTL_ENABLE_DEBUG_INFO = YES;
				PRODUCT_BUNDLE_IDENTIFIER = org.brightify.SwiftKitTests;
				PRODUCT_NAME = "$(TARGET_NAME)";
				SWIFT_ACTIVE_COMPILATION_CONDITIONS = DEBUG;
				SWIFT_VERSION = 3.0;
			};
			name = Debug;
		};
		DCA815C71E36119500C78A44 /* Release */ = {
			isa = XCBuildConfiguration;
			baseConfigurationReference = 06A3361664629697F20BE8C3 /* Pods-SwiftKitTests.release.xcconfig */;
			buildSettings = {
				ALWAYS_EMBED_SWIFT_STANDARD_LIBRARIES = YES;
				CLANG_ANALYZER_NONNULL = YES;
				CLANG_WARN_DOCUMENTATION_COMMENTS = YES;
				COPY_PHASE_STRIP = NO;
				DEBUG_INFORMATION_FORMAT = "dwarf-with-dsym";
				INFOPLIST_FILE = Tests/Info.plist;
				IPHONEOS_DEPLOYMENT_TARGET = 10.2;
				LD_RUNPATH_SEARCH_PATHS = "$(inherited) @executable_path/Frameworks @loader_path/Frameworks";
				MTL_ENABLE_DEBUG_INFO = NO;
				PRODUCT_BUNDLE_IDENTIFIER = org.brightify.SwiftKitTests;
				PRODUCT_NAME = "$(TARGET_NAME)";
				SWIFT_OPTIMIZATION_LEVEL = "-Owholemodule";
				SWIFT_VERSION = 3.0;
			};
			name = Release;
		};
/* End XCBuildConfiguration section */

/* Begin XCConfigurationList section */
		6003F585195388D10070C39A /* Build configuration list for PBXProject "SwiftKit" */ = {
			isa = XCConfigurationList;
			buildConfigurations = (
				6003F5BD195388D20070C39A /* Debug */,
				6003F5BE195388D20070C39A /* Release */,
			);
			defaultConfigurationIsVisible = 0;
			defaultConfigurationName = Release;
		};
		DCA815C21E36119500C78A44 /* Build configuration list for PBXNativeTarget "SwiftKit" */ = {
			isa = XCConfigurationList;
			buildConfigurations = (
				DCA815C31E36119500C78A44 /* Debug */,
				DCA815C41E36119500C78A44 /* Release */,
			);
			defaultConfigurationIsVisible = 0;
			defaultConfigurationName = Release;
		};
		DCA815C51E36119500C78A44 /* Build configuration list for PBXNativeTarget "SwiftKitTests" */ = {
			isa = XCConfigurationList;
			buildConfigurations = (
				DCA815C61E36119500C78A44 /* Debug */,
				DCA815C71E36119500C78A44 /* Release */,
			);
			defaultConfigurationIsVisible = 0;
			defaultConfigurationName = Release;
		};
/* End XCConfigurationList section */
	};
	rootObject = 6003F582195388D10070C39A /* Project object */;
}
