// !$*UTF8*$!
{
	archiveVersion = 1;
	classes = {
	};
	objectVersion = 46;
	objects = {

/* Begin PBXBuildFile section */
		18E484571BA8BFB1004CB09A /* SwiftKit.framework in Frameworks */ = {isa = PBXBuildFile; fileRef = 18E4844D1BA8BFB1004CB09A /* SwiftKit.framework */; };
		2126DC84F6D1907D1175EE81 /* Pods_SwiftKit.framework in Frameworks */ = {isa = PBXBuildFile; fileRef = BAE7934CA54D6546A09DB278 /* Pods_SwiftKit.framework */; };
		55C54F0104A40999A1698333 /* Pods_SwiftKitTests.framework in Frameworks */ = {isa = PBXBuildFile; fileRef = B2DE9C9C07DC93B4E6269F81 /* Pods_SwiftKitTests.framework */; };
		DC07855E1DC6634A0063AB96 /* DeserializationError.swift in Sources */ = {isa = PBXBuildFile; fileRef = DC07855D1DC6634A0063AB96 /* DeserializationError.swift */; };
		DC4D91721DC341B30095A348 /* Polymorph.swift in Sources */ = {isa = PBXBuildFile; fileRef = DC4D91711DC341B30095A348 /* Polymorph.swift */; };
		DC4D917B1DC3425C0095A348 /* GenericPolymorphicInfo.swift in Sources */ = {isa = PBXBuildFile; fileRef = DC4D91741DC3425C0095A348 /* GenericPolymorphicInfo.swift */; };
		DC4D917C1DC3425C0095A348 /* PolymorphDataProvider.swift in Sources */ = {isa = PBXBuildFile; fileRef = DC4D91751DC3425C0095A348 /* PolymorphDataProvider.swift */; };
		DC4D917E1DC3425C0095A348 /* PolymorphicInfo.swift in Sources */ = {isa = PBXBuildFile; fileRef = DC4D91771DC3425C0095A348 /* PolymorphicInfo.swift */; };
		DC4D917F1DC3425C0095A348 /* Polymorphic.swift in Sources */ = {isa = PBXBuildFile; fileRef = DC4D91781DC3425C0095A348 /* Polymorphic.swift */; };
		DC4D91861DC3428C0095A348 /* PolymorphicDeserializable.swift in Sources */ = {isa = PBXBuildFile; fileRef = DC4D91831DC3428C0095A348 /* PolymorphicDeserializable.swift */; };
		DC4D91871DC3428C0095A348 /* PolymorphicMappable.swift in Sources */ = {isa = PBXBuildFile; fileRef = DC4D91841DC3428C0095A348 /* PolymorphicMappable.swift */; };
		DC4D91881DC3428C0095A348 /* PolymorphicSerializable.swift in Sources */ = {isa = PBXBuildFile; fileRef = DC4D91851DC3428C0095A348 /* PolymorphicSerializable.swift */; };
		DC4D918C1DC345090095A348 /* ObjectMapper.swift in Sources */ = {isa = PBXBuildFile; fileRef = DC4D918B1DC345090095A348 /* ObjectMapper.swift */; };
		DC4D918E1DC345140095A348 /* Serializer.swift in Sources */ = {isa = PBXBuildFile; fileRef = DC4D918D1DC345140095A348 /* Serializer.swift */; };
		DC4D91931DC34BE40095A348 /* DictionaryUtils.swift in Sources */ = {isa = PBXBuildFile; fileRef = DC4D91921DC34BE40095A348 /* DictionaryUtils.swift */; };
		DC4D91951DC34D300095A348 /* StaticPolymorph.swift in Sources */ = {isa = PBXBuildFile; fileRef = DC4D91941DC34D300095A348 /* StaticPolymorph.swift */; };
		DC4D91981DC3E6E00095A348 /* JsonSerializer.swift in Sources */ = {isa = PBXBuildFile; fileRef = DC4D91971DC3E6E00095A348 /* JsonSerializer.swift */; };
		DC5B83931DBA9294007751F6 /* SerializableData.swift in Sources */ = {isa = PBXBuildFile; fileRef = DC5B83921DBA9294007751F6 /* SerializableData.swift */; };
		DC5B83951DBA92A4007751F6 /* DeserializableData.swift in Sources */ = {isa = PBXBuildFile; fileRef = DC5B83941DBA92A4007751F6 /* DeserializableData.swift */; };
		DC5B83971DBA92B4007751F6 /* MappableData.swift in Sources */ = {isa = PBXBuildFile; fileRef = DC5B83961DBA92B4007751F6 /* MappableData.swift */; };
		DC5B83D61DBA9D42007751F6 /* AnyTransformation.swift in Sources */ = {isa = PBXBuildFile; fileRef = DC5B83D41DBA9D42007751F6 /* AnyTransformation.swift */; };
		DC5B83D71DBA9D42007751F6 /* Transformation.swift in Sources */ = {isa = PBXBuildFile; fileRef = DC5B83D51DBA9D42007751F6 /* Transformation.swift */; };
		DC5B83F21DBAA46E007751F6 /* CompositeTransformation.swift in Sources */ = {isa = PBXBuildFile; fileRef = DC5B83F11DBAA46E007751F6 /* CompositeTransformation.swift */; };
		DC5B83F41DBAAC1A007751F6 /* SupportedTypeConvertible.swift in Sources */ = {isa = PBXBuildFile; fileRef = DC5B83F31DBAAC1A007751F6 /* SupportedTypeConvertible.swift */; };
		DC5B83F61DBAB5A4007751F6 /* DelegatedTransformation.swift in Sources */ = {isa = PBXBuildFile; fileRef = DC5B83F51DBAB5A4007751F6 /* DelegatedTransformation.swift */; };
		DC5B83F71DBAC189007751F6 /* SupportedType.swift in Sources */ = {isa = PBXBuildFile; fileRef = DC5B83CF1DBA964E007751F6 /* SupportedType.swift */; };
		DC5B84161DBAC5A4007751F6 /* CustomDateFormatTransformation.swift in Sources */ = {isa = PBXBuildFile; fileRef = DC5B840B1DBAC5A4007751F6 /* CustomDateFormatTransformation.swift */; };
		DC5B84171DBAC5A4007751F6 /* DateFormatterTransformation.swift in Sources */ = {isa = PBXBuildFile; fileRef = DC5B840C1DBAC5A4007751F6 /* DateFormatterTransformation.swift */; };
		DC5B84181DBAC5A4007751F6 /* DateTransformation.swift in Sources */ = {isa = PBXBuildFile; fileRef = DC5B840D1DBAC5A4007751F6 /* DateTransformation.swift */; };
		DC5B84191DBAC5A4007751F6 /* ISO8601DateTransformation.swift in Sources */ = {isa = PBXBuildFile; fileRef = DC5B840E1DBAC5A4007751F6 /* ISO8601DateTransformation.swift */; };
		DC5B841A1DBAC5A4007751F6 /* EnumTransformation.swift in Sources */ = {isa = PBXBuildFile; fileRef = DC5B840F1DBAC5A4007751F6 /* EnumTransformation.swift */; };
		DC5B841B1DBAC5A4007751F6 /* URLTransformation.swift in Sources */ = {isa = PBXBuildFile; fileRef = DC5B84101DBAC5A4007751F6 /* URLTransformation.swift */; };
		DC5B841C1DBAC5A4007751F6 /* BoolTransformation.swift in Sources */ = {isa = PBXBuildFile; fileRef = DC5B84121DBAC5A4007751F6 /* BoolTransformation.swift */; };
		DC5B841D1DBAC5A4007751F6 /* DoubleTransformation.swift in Sources */ = {isa = PBXBuildFile; fileRef = DC5B84131DBAC5A4007751F6 /* DoubleTransformation.swift */; };
		DC5B841E1DBAC5A4007751F6 /* IntTransformation.swift in Sources */ = {isa = PBXBuildFile; fileRef = DC5B84141DBAC5A4007751F6 /* IntTransformation.swift */; };
		DC5B841F1DBAC5A4007751F6 /* StringTransformation.swift in Sources */ = {isa = PBXBuildFile; fileRef = DC5B84151DBAC5A4007751F6 /* StringTransformation.swift */; };
		DC5B84221DBAC606007751F6 /* Int+SupportedTypeConvertible.swift in Sources */ = {isa = PBXBuildFile; fileRef = DC5B84211DBAC606007751F6 /* Int+SupportedTypeConvertible.swift */; };
		DC5B84241DBAC612007751F6 /* String+SupportedTypeConvertible.swift in Sources */ = {isa = PBXBuildFile; fileRef = DC5B84231DBAC612007751F6 /* String+SupportedTypeConvertible.swift */; };
		DC5B84281DBAC651007751F6 /* Double+SupportedTypeConvertible.swift in Sources */ = {isa = PBXBuildFile; fileRef = DC5B84271DBAC651007751F6 /* Double+SupportedTypeConvertible.swift */; };
		DC5B842A1DBAC660007751F6 /* Bool+SupportedTypeConvertible.swift in Sources */ = {isa = PBXBuildFile; fileRef = DC5B84291DBAC660007751F6 /* Bool+SupportedTypeConvertible.swift */; };
		DC5B842C1DBAC66E007751F6 /* URL+SupportedTypeConvertible.swift in Sources */ = {isa = PBXBuildFile; fileRef = DC5B842B1DBAC66E007751F6 /* URL+SupportedTypeConvertible.swift */; };
		DC5B84401DBC9FCA007751F6 /* DeserializableTransformation.swift in Sources */ = {isa = PBXBuildFile; fileRef = DC5B843F1DBC9FCA007751F6 /* DeserializableTransformation.swift */; };
		DC5B84421DBC9FD8007751F6 /* SerializableTransformation.swift in Sources */ = {isa = PBXBuildFile; fileRef = DC5B84411DBC9FD8007751F6 /* SerializableTransformation.swift */; };
		DC5B84441DBC9FF4007751F6 /* AnyDeserializableTransformation.swift in Sources */ = {isa = PBXBuildFile; fileRef = DC5B84431DBC9FF4007751F6 /* AnyDeserializableTransformation.swift */; };
		DC5B84461DBCA005007751F6 /* AnySerializableTransformation.swift in Sources */ = {isa = PBXBuildFile; fileRef = DC5B84451DBCA005007751F6 /* AnySerializableTransformation.swift */; };
		DC5B844A1DBCA069007751F6 /* CompositeDeserializableTransformation.swift in Sources */ = {isa = PBXBuildFile; fileRef = DC5B84471DBCA069007751F6 /* CompositeDeserializableTransformation.swift */; };
		DC5B844B1DBCA069007751F6 /* DelegatedDeserializableTransformation.swift in Sources */ = {isa = PBXBuildFile; fileRef = DC5B84481DBCA069007751F6 /* DelegatedDeserializableTransformation.swift */; };
		DC5B844C1DBCA069007751F6 /* DeserializableSupportedTypeConvertible.swift in Sources */ = {isa = PBXBuildFile; fileRef = DC5B84491DBCA069007751F6 /* DeserializableSupportedTypeConvertible.swift */; };
		DC5B84501DBCA074007751F6 /* CompositeSerializableTransformation.swift in Sources */ = {isa = PBXBuildFile; fileRef = DC5B844D1DBCA074007751F6 /* CompositeSerializableTransformation.swift */; };
		DC5B84511DBCA074007751F6 /* DelegatedSerializableTransformation.swift in Sources */ = {isa = PBXBuildFile; fileRef = DC5B844E1DBCA074007751F6 /* DelegatedSerializableTransformation.swift */; };
		DC5B84521DBCA074007751F6 /* SerializableSupportedTypeConvertible.swift in Sources */ = {isa = PBXBuildFile; fileRef = DC5B844F1DBCA074007751F6 /* SerializableSupportedTypeConvertible.swift */; };
		DC5B845D1DBD1C36007751F6 /* DeserializableMappableDataWrapper.swift in Sources */ = {isa = PBXBuildFile; fileRef = DC5B845B1DBD1C36007751F6 /* DeserializableMappableDataWrapper.swift */; };
		DC5B845E1DBD1C36007751F6 /* SerializableMappableDataWrapper.swift in Sources */ = {isa = PBXBuildFile; fileRef = DC5B845C1DBD1C36007751F6 /* SerializableMappableDataWrapper.swift */; };
		DC5F6E781DBFEB2F005DDC61 /* Deserializable.swift in Sources */ = {isa = PBXBuildFile; fileRef = DC5F6E751DBFEB2F005DDC61 /* Deserializable.swift */; };
		DC5F6E791DBFEB2F005DDC61 /* Mappable.swift in Sources */ = {isa = PBXBuildFile; fileRef = DC5F6E761DBFEB2F005DDC61 /* Mappable.swift */; };
		DC5F6E7A1DBFEB2F005DDC61 /* Serializable.swift in Sources */ = {isa = PBXBuildFile; fileRef = DC5F6E771DBFEB2F005DDC61 /* Serializable.swift */; };
		DC81E5321E0AF0D800E80FE3 /* TypedSerializer.swift in Sources */ = {isa = PBXBuildFile; fileRef = DC81E5311E0AF0D800E80FE3 /* TypedSerializer.swift */; };
		DCA817731E361E7D00C78A44 /* ApiTest.swift in Sources */ = {isa = PBXBuildFile; fileRef = DCA8173B1E361E4800C78A44 /* ApiTest.swift */; };
		DCA817741E361E7D00C78A44 /* BoolTransformationTest.swift in Sources */ = {isa = PBXBuildFile; fileRef = DCA8173C1E361E4800C78A44 /* BoolTransformationTest.swift */; };
		DCA817751E361E7D00C78A44 /* CompositeTransformationsTest.swift in Sources */ = {isa = PBXBuildFile; fileRef = DCA8173D1E361E4800C78A44 /* CompositeTransformationsTest.swift */; };
		DCA817761E361E7D00C78A44 /* ConvertiblesTest.swift in Sources */ = {isa = PBXBuildFile; fileRef = DCA8173E1E361E4800C78A44 /* ConvertiblesTest.swift */; };
		DCA817771E361E7D00C78A44 /* CustomDateFormatTransformationTest.swift in Sources */ = {isa = PBXBuildFile; fileRef = DCA8173F1E361E4800C78A44 /* CustomDateFormatTransformationTest.swift */; };
		DCA817781E361E7D00C78A44 /* DateFormatterTransformationTest.swift in Sources */ = {isa = PBXBuildFile; fileRef = DCA817401E361E4800C78A44 /* DateFormatterTransformationTest.swift */; };
		DCA817791E361E7D00C78A44 /* DateTransformationTest.swift in Sources */ = {isa = PBXBuildFile; fileRef = DCA817411E361E4800C78A44 /* DateTransformationTest.swift */; };
		DCA8177A1E361E7D00C78A44 /* DelegatedTransformationTest.swift in Sources */ = {isa = PBXBuildFile; fileRef = DCA817421E361E4800C78A44 /* DelegatedTransformationTest.swift */; };
		DCA8177B1E361E7D00C78A44 /* DeserializableDataTest.swift in Sources */ = {isa = PBXBuildFile; fileRef = DCA817431E361E4800C78A44 /* DeserializableDataTest.swift */; };
		DCA8177C1E361E7D00C78A44 /* DeserializableMappableDataWrapperTest.swift in Sources */ = {isa = PBXBuildFile; fileRef = DCA817441E361E4800C78A44 /* DeserializableMappableDataWrapperTest.swift */; };
		DCA8177D1E361E7D00C78A44 /* DeserializableTest.swift in Sources */ = {isa = PBXBuildFile; fileRef = DCA817451E361E4800C78A44 /* DeserializableTest.swift */; };
		DCA8177E1E361E7D00C78A44 /* DoubleTransformationTest.swift in Sources */ = {isa = PBXBuildFile; fileRef = DCA817461E361E4800C78A44 /* DoubleTransformationTest.swift */; };
		DCA8177F1E361E7D00C78A44 /* EnumTransformationTest.swift in Sources */ = {isa = PBXBuildFile; fileRef = DCA817471E361E4800C78A44 /* EnumTransformationTest.swift */; };
		DCA817801E361E7D00C78A44 /* GenericPolymorphicInfoTest.swift in Sources */ = {isa = PBXBuildFile; fileRef = DCA817481E361E4800C78A44 /* GenericPolymorphicInfoTest.swift */; };
		DCA817811E361E7D00C78A44 /* IntTransformationTest.swift in Sources */ = {isa = PBXBuildFile; fileRef = DCA817491E361E4800C78A44 /* IntTransformationTest.swift */; };
		DCA817821E361E7D00C78A44 /* ISO8601DateTransformationTest.swift in Sources */ = {isa = PBXBuildFile; fileRef = DCA8174A1E361E4800C78A44 /* ISO8601DateTransformationTest.swift */; };
		DCA817831E361E7D00C78A44 /* MappableTest.swift in Sources */ = {isa = PBXBuildFile; fileRef = DCA8174B1E361E4800C78A44 /* MappableTest.swift */; };
		DCA817841E361E7D00C78A44 /* PerformanceTest.swift in Sources */ = {isa = PBXBuildFile; fileRef = DCA8174C1E361E4800C78A44 /* PerformanceTest.swift */; };
		DCA817851E361E7D00C78A44 /* PolymorphDataProviderTest.swift in Sources */ = {isa = PBXBuildFile; fileRef = DCA8174D1E361E4800C78A44 /* PolymorphDataProviderTest.swift */; };
		DCA817861E361E7D00C78A44 /* PolymorphicTest.swift in Sources */ = {isa = PBXBuildFile; fileRef = DCA8174E1E361E4800C78A44 /* PolymorphicTest.swift */; };
		DCA817871E361E7D00C78A44 /* SerializableData.swift in Sources */ = {isa = PBXBuildFile; fileRef = DCA8174F1E361E4800C78A44 /* SerializableData.swift */; };
		DCA817881E361E7D00C78A44 /* SerializableMappableDataWrapperTest.swift in Sources */ = {isa = PBXBuildFile; fileRef = DCA817501E361E4800C78A44 /* SerializableMappableDataWrapperTest.swift */; };
		DCA817891E361E7D00C78A44 /* SerializableTest.swift in Sources */ = {isa = PBXBuildFile; fileRef = DCA817511E361E4800C78A44 /* SerializableTest.swift */; };
		DCA8178A1E361E7D00C78A44 /* StaticPolymorphTest.swift in Sources */ = {isa = PBXBuildFile; fileRef = DCA817521E361E4800C78A44 /* StaticPolymorphTest.swift */; };
		DCA8178B1E361E7D00C78A44 /* StringTransformationTest.swift in Sources */ = {isa = PBXBuildFile; fileRef = DCA817531E361E4800C78A44 /* StringTransformationTest.swift */; };
		DCA8178C1E361E7D00C78A44 /* SupportedTypeTest.swift in Sources */ = {isa = PBXBuildFile; fileRef = DCA817541E361E4800C78A44 /* SupportedTypeTest.swift */; };
		DCA8178D1E361E7D00C78A44 /* TransformationTest.swift in Sources */ = {isa = PBXBuildFile; fileRef = DCA817551E361E4800C78A44 /* TransformationTest.swift */; };
		DCA8178E1E361E7D00C78A44 /* URLTransformationTest.swift in Sources */ = {isa = PBXBuildFile; fileRef = DCA817561E361E4800C78A44 /* URLTransformationTest.swift */; };
/* End PBXBuildFile section */

/* Begin PBXContainerItemProxy section */
		18E484581BA8BFB1004CB09A /* PBXContainerItemProxy */ = {
			isa = PBXContainerItemProxy;
			containerPortal = 6003F582195388D10070C39A /* Project object */;
			proxyType = 1;
			remoteGlobalIDString = 18E4844C1BA8BFB1004CB09A;
			remoteInfo = SwiftKit;
		};
/* End PBXContainerItemProxy section */

/* Begin PBXFileReference section */
		06A3361664629697F20BE8C3 /* Pods-SwiftKitTests.release.xcconfig */ = {isa = PBXFileReference; includeInIndex = 1; lastKnownFileType = text.xcconfig; name = "Pods-SwiftKitTests.release.xcconfig"; path = "Pods/Target Support Files/Pods-SwiftKitTests/Pods-SwiftKitTests.release.xcconfig"; sourceTree = "<group>"; };
		18E4844D1BA8BFB1004CB09A /* SwiftKit.framework */ = {isa = PBXFileReference; explicitFileType = wrapper.framework; includeInIndex = 0; path = SwiftKit.framework; sourceTree = BUILT_PRODUCTS_DIR; };
		18E484561BA8BFB1004CB09A /* SwiftKitTests.xctest */ = {isa = PBXFileReference; explicitFileType = wrapper.cfbundle; includeInIndex = 0; path = SwiftKitTests.xctest; sourceTree = BUILT_PRODUCTS_DIR; };
		1D62DDC16E1C85A5E017C537 /* Pods-Showcase.release.xcconfig */ = {isa = PBXFileReference; includeInIndex = 1; lastKnownFileType = text.xcconfig; name = "Pods-Showcase.release.xcconfig"; path = "Pods/Target Support Files/Pods-Showcase/Pods-Showcase.release.xcconfig"; sourceTree = "<group>"; };
		2EDD550C9736BD9AF8C2C55A /* Pods_Showcase.framework */ = {isa = PBXFileReference; explicitFileType = wrapper.framework; includeInIndex = 0; path = Pods_Showcase.framework; sourceTree = BUILT_PRODUCTS_DIR; };
		5D12B164744D9929A95F5B9D /* Pods-SwiftKit.release.xcconfig */ = {isa = PBXFileReference; includeInIndex = 1; lastKnownFileType = text.xcconfig; name = "Pods-SwiftKit.release.xcconfig"; path = "Pods/Target Support Files/Pods-SwiftKit/Pods-SwiftKit.release.xcconfig"; sourceTree = "<group>"; };
		5E1C57433A6E87B4863BE0A9 /* Pods.framework */ = {isa = PBXFileReference; explicitFileType = wrapper.framework; includeInIndex = 0; path = Pods.framework; sourceTree = BUILT_PRODUCTS_DIR; };
		6003F58D195388D20070C39A /* Foundation.framework */ = {isa = PBXFileReference; lastKnownFileType = wrapper.framework; name = Foundation.framework; path = System/Library/Frameworks/Foundation.framework; sourceTree = SDKROOT; };
		6003F58F195388D20070C39A /* CoreGraphics.framework */ = {isa = PBXFileReference; lastKnownFileType = wrapper.framework; name = CoreGraphics.framework; path = System/Library/Frameworks/CoreGraphics.framework; sourceTree = SDKROOT; };
		6003F591195388D20070C39A /* UIKit.framework */ = {isa = PBXFileReference; lastKnownFileType = wrapper.framework; name = UIKit.framework; path = System/Library/Frameworks/UIKit.framework; sourceTree = SDKROOT; };
		6003F5AF195388D20070C39A /* XCTest.framework */ = {isa = PBXFileReference; lastKnownFileType = wrapper.framework; name = XCTest.framework; path = Library/Frameworks/XCTest.framework; sourceTree = DEVELOPER_DIR; };
		71E4442DD32958F54EE30CF2 /* Pods-SwiftKit.debug.xcconfig */ = {isa = PBXFileReference; includeInIndex = 1; lastKnownFileType = text.xcconfig; name = "Pods-SwiftKit.debug.xcconfig"; path = "Pods/Target Support Files/Pods-SwiftKit/Pods-SwiftKit.debug.xcconfig"; sourceTree = "<group>"; };
		8A5A3D6215DD5250671D66F0 /* Pods-SwiftKitTests.debug.xcconfig */ = {isa = PBXFileReference; includeInIndex = 1; lastKnownFileType = text.xcconfig; name = "Pods-SwiftKitTests.debug.xcconfig"; path = "Pods/Target Support Files/Pods-SwiftKitTests/Pods-SwiftKitTests.debug.xcconfig"; sourceTree = "<group>"; };
		B2DE9C9C07DC93B4E6269F81 /* Pods_SwiftKitTests.framework */ = {isa = PBXFileReference; explicitFileType = wrapper.framework; includeInIndex = 0; path = Pods_SwiftKitTests.framework; sourceTree = BUILT_PRODUCTS_DIR; };
		BAE7934CA54D6546A09DB278 /* Pods_SwiftKit.framework */ = {isa = PBXFileReference; explicitFileType = wrapper.framework; includeInIndex = 0; path = Pods_SwiftKit.framework; sourceTree = BUILT_PRODUCTS_DIR; };
		D377A479DD457196E4FC76E9 /* Pods-Showcase.debug.xcconfig */ = {isa = PBXFileReference; includeInIndex = 1; lastKnownFileType = text.xcconfig; name = "Pods-Showcase.debug.xcconfig"; path = "Pods/Target Support Files/Pods-Showcase/Pods-Showcase.debug.xcconfig"; sourceTree = "<group>"; };
		DC07855D1DC6634A0063AB96 /* DeserializationError.swift */ = {isa = PBXFileReference; fileEncoding = 4; lastKnownFileType = sourcecode.swift; path = DeserializationError.swift; sourceTree = "<group>"; };
		DC4D91711DC341B30095A348 /* Polymorph.swift */ = {isa = PBXFileReference; fileEncoding = 4; lastKnownFileType = sourcecode.swift; path = Polymorph.swift; sourceTree = "<group>"; };
		DC4D91741DC3425C0095A348 /* GenericPolymorphicInfo.swift */ = {isa = PBXFileReference; fileEncoding = 4; lastKnownFileType = sourcecode.swift; path = GenericPolymorphicInfo.swift; sourceTree = "<group>"; };
		DC4D91751DC3425C0095A348 /* PolymorphDataProvider.swift */ = {isa = PBXFileReference; fileEncoding = 4; lastKnownFileType = sourcecode.swift; path = PolymorphDataProvider.swift; sourceTree = "<group>"; };
		DC4D91771DC3425C0095A348 /* PolymorphicInfo.swift */ = {isa = PBXFileReference; fileEncoding = 4; lastKnownFileType = sourcecode.swift; path = PolymorphicInfo.swift; sourceTree = "<group>"; };
		DC4D91781DC3425C0095A348 /* Polymorphic.swift */ = {isa = PBXFileReference; fileEncoding = 4; lastKnownFileType = sourcecode.swift; path = Polymorphic.swift; sourceTree = "<group>"; };
		DC4D91831DC3428C0095A348 /* PolymorphicDeserializable.swift */ = {isa = PBXFileReference; fileEncoding = 4; lastKnownFileType = sourcecode.swift; path = PolymorphicDeserializable.swift; sourceTree = "<group>"; };
		DC4D91841DC3428C0095A348 /* PolymorphicMappable.swift */ = {isa = PBXFileReference; fileEncoding = 4; lastKnownFileType = sourcecode.swift; path = PolymorphicMappable.swift; sourceTree = "<group>"; };
		DC4D91851DC3428C0095A348 /* PolymorphicSerializable.swift */ = {isa = PBXFileReference; fileEncoding = 4; lastKnownFileType = sourcecode.swift; path = PolymorphicSerializable.swift; sourceTree = "<group>"; };
		DC4D918B1DC345090095A348 /* ObjectMapper.swift */ = {isa = PBXFileReference; fileEncoding = 4; lastKnownFileType = sourcecode.swift; path = ObjectMapper.swift; sourceTree = "<group>"; };
		DC4D918D1DC345140095A348 /* Serializer.swift */ = {isa = PBXFileReference; fileEncoding = 4; lastKnownFileType = sourcecode.swift; path = Serializer.swift; sourceTree = "<group>"; };
		DC4D91921DC34BE40095A348 /* DictionaryUtils.swift */ = {isa = PBXFileReference; fileEncoding = 4; lastKnownFileType = sourcecode.swift; path = DictionaryUtils.swift; sourceTree = "<group>"; };
		DC4D91941DC34D300095A348 /* StaticPolymorph.swift */ = {isa = PBXFileReference; fileEncoding = 4; lastKnownFileType = sourcecode.swift; path = StaticPolymorph.swift; sourceTree = "<group>"; };
		DC4D91971DC3E6E00095A348 /* JsonSerializer.swift */ = {isa = PBXFileReference; fileEncoding = 4; lastKnownFileType = sourcecode.swift; path = JsonSerializer.swift; sourceTree = "<group>"; };
		DC5B83921DBA9294007751F6 /* SerializableData.swift */ = {isa = PBXFileReference; fileEncoding = 4; lastKnownFileType = sourcecode.swift; path = SerializableData.swift; sourceTree = "<group>"; };
		DC5B83941DBA92A4007751F6 /* DeserializableData.swift */ = {isa = PBXFileReference; fileEncoding = 4; lastKnownFileType = sourcecode.swift; path = DeserializableData.swift; sourceTree = "<group>"; };
		DC5B83961DBA92B4007751F6 /* MappableData.swift */ = {isa = PBXFileReference; fileEncoding = 4; lastKnownFileType = sourcecode.swift; path = MappableData.swift; sourceTree = "<group>"; };
		DC5B83CF1DBA964E007751F6 /* SupportedType.swift */ = {isa = PBXFileReference; fileEncoding = 4; lastKnownFileType = sourcecode.swift; path = SupportedType.swift; sourceTree = "<group>"; };
		DC5B83D41DBA9D42007751F6 /* AnyTransformation.swift */ = {isa = PBXFileReference; fileEncoding = 4; lastKnownFileType = sourcecode.swift; path = AnyTransformation.swift; sourceTree = "<group>"; };
		DC5B83D51DBA9D42007751F6 /* Transformation.swift */ = {isa = PBXFileReference; fileEncoding = 4; lastKnownFileType = sourcecode.swift; path = Transformation.swift; sourceTree = "<group>"; };
		DC5B83F11DBAA46E007751F6 /* CompositeTransformation.swift */ = {isa = PBXFileReference; fileEncoding = 4; lastKnownFileType = sourcecode.swift; path = CompositeTransformation.swift; sourceTree = "<group>"; };
		DC5B83F31DBAAC1A007751F6 /* SupportedTypeConvertible.swift */ = {isa = PBXFileReference; fileEncoding = 4; lastKnownFileType = sourcecode.swift; path = SupportedTypeConvertible.swift; sourceTree = "<group>"; };
		DC5B83F51DBAB5A4007751F6 /* DelegatedTransformation.swift */ = {isa = PBXFileReference; fileEncoding = 4; lastKnownFileType = sourcecode.swift; path = DelegatedTransformation.swift; sourceTree = "<group>"; };
		DC5B840B1DBAC5A4007751F6 /* CustomDateFormatTransformation.swift */ = {isa = PBXFileReference; fileEncoding = 4; lastKnownFileType = sourcecode.swift; path = CustomDateFormatTransformation.swift; sourceTree = "<group>"; };
		DC5B840C1DBAC5A4007751F6 /* DateFormatterTransformation.swift */ = {isa = PBXFileReference; fileEncoding = 4; lastKnownFileType = sourcecode.swift; path = DateFormatterTransformation.swift; sourceTree = "<group>"; };
		DC5B840D1DBAC5A4007751F6 /* DateTransformation.swift */ = {isa = PBXFileReference; fileEncoding = 4; lastKnownFileType = sourcecode.swift; path = DateTransformation.swift; sourceTree = "<group>"; };
		DC5B840E1DBAC5A4007751F6 /* ISO8601DateTransformation.swift */ = {isa = PBXFileReference; fileEncoding = 4; lastKnownFileType = sourcecode.swift; path = ISO8601DateTransformation.swift; sourceTree = "<group>"; };
		DC5B840F1DBAC5A4007751F6 /* EnumTransformation.swift */ = {isa = PBXFileReference; fileEncoding = 4; lastKnownFileType = sourcecode.swift; path = EnumTransformation.swift; sourceTree = "<group>"; };
		DC5B84101DBAC5A4007751F6 /* URLTransformation.swift */ = {isa = PBXFileReference; fileEncoding = 4; lastKnownFileType = sourcecode.swift; path = URLTransformation.swift; sourceTree = "<group>"; };
		DC5B84121DBAC5A4007751F6 /* BoolTransformation.swift */ = {isa = PBXFileReference; fileEncoding = 4; lastKnownFileType = sourcecode.swift; path = BoolTransformation.swift; sourceTree = "<group>"; };
		DC5B84131DBAC5A4007751F6 /* DoubleTransformation.swift */ = {isa = PBXFileReference; fileEncoding = 4; lastKnownFileType = sourcecode.swift; path = DoubleTransformation.swift; sourceTree = "<group>"; };
		DC5B84141DBAC5A4007751F6 /* IntTransformation.swift */ = {isa = PBXFileReference; fileEncoding = 4; lastKnownFileType = sourcecode.swift; path = IntTransformation.swift; sourceTree = "<group>"; };
		DC5B84151DBAC5A4007751F6 /* StringTransformation.swift */ = {isa = PBXFileReference; fileEncoding = 4; lastKnownFileType = sourcecode.swift; path = StringTransformation.swift; sourceTree = "<group>"; };
		DC5B84211DBAC606007751F6 /* Int+SupportedTypeConvertible.swift */ = {isa = PBXFileReference; fileEncoding = 4; lastKnownFileType = sourcecode.swift; path = "Int+SupportedTypeConvertible.swift"; sourceTree = "<group>"; };
		DC5B84231DBAC612007751F6 /* String+SupportedTypeConvertible.swift */ = {isa = PBXFileReference; fileEncoding = 4; lastKnownFileType = sourcecode.swift; path = "String+SupportedTypeConvertible.swift"; sourceTree = "<group>"; };
		DC5B84271DBAC651007751F6 /* Double+SupportedTypeConvertible.swift */ = {isa = PBXFileReference; fileEncoding = 4; lastKnownFileType = sourcecode.swift; path = "Double+SupportedTypeConvertible.swift"; sourceTree = "<group>"; };
		DC5B84291DBAC660007751F6 /* Bool+SupportedTypeConvertible.swift */ = {isa = PBXFileReference; fileEncoding = 4; lastKnownFileType = sourcecode.swift; path = "Bool+SupportedTypeConvertible.swift"; sourceTree = "<group>"; };
		DC5B842B1DBAC66E007751F6 /* URL+SupportedTypeConvertible.swift */ = {isa = PBXFileReference; fileEncoding = 4; lastKnownFileType = sourcecode.swift; path = "URL+SupportedTypeConvertible.swift"; sourceTree = "<group>"; };
		DC5B843F1DBC9FCA007751F6 /* DeserializableTransformation.swift */ = {isa = PBXFileReference; fileEncoding = 4; lastKnownFileType = sourcecode.swift; path = DeserializableTransformation.swift; sourceTree = "<group>"; };
		DC5B84411DBC9FD8007751F6 /* SerializableTransformation.swift */ = {isa = PBXFileReference; fileEncoding = 4; lastKnownFileType = sourcecode.swift; path = SerializableTransformation.swift; sourceTree = "<group>"; };
		DC5B84431DBC9FF4007751F6 /* AnyDeserializableTransformation.swift */ = {isa = PBXFileReference; fileEncoding = 4; lastKnownFileType = sourcecode.swift; path = AnyDeserializableTransformation.swift; sourceTree = "<group>"; };
		DC5B84451DBCA005007751F6 /* AnySerializableTransformation.swift */ = {isa = PBXFileReference; fileEncoding = 4; lastKnownFileType = sourcecode.swift; path = AnySerializableTransformation.swift; sourceTree = "<group>"; };
		DC5B84471DBCA069007751F6 /* CompositeDeserializableTransformation.swift */ = {isa = PBXFileReference; fileEncoding = 4; lastKnownFileType = sourcecode.swift; path = CompositeDeserializableTransformation.swift; sourceTree = "<group>"; };
		DC5B84481DBCA069007751F6 /* DelegatedDeserializableTransformation.swift */ = {isa = PBXFileReference; fileEncoding = 4; lastKnownFileType = sourcecode.swift; path = DelegatedDeserializableTransformation.swift; sourceTree = "<group>"; };
		DC5B84491DBCA069007751F6 /* DeserializableSupportedTypeConvertible.swift */ = {isa = PBXFileReference; fileEncoding = 4; lastKnownFileType = sourcecode.swift; path = DeserializableSupportedTypeConvertible.swift; sourceTree = "<group>"; };
		DC5B844D1DBCA074007751F6 /* CompositeSerializableTransformation.swift */ = {isa = PBXFileReference; fileEncoding = 4; lastKnownFileType = sourcecode.swift; path = CompositeSerializableTransformation.swift; sourceTree = "<group>"; };
		DC5B844E1DBCA074007751F6 /* DelegatedSerializableTransformation.swift */ = {isa = PBXFileReference; fileEncoding = 4; lastKnownFileType = sourcecode.swift; path = DelegatedSerializableTransformation.swift; sourceTree = "<group>"; };
		DC5B844F1DBCA074007751F6 /* SerializableSupportedTypeConvertible.swift */ = {isa = PBXFileReference; fileEncoding = 4; lastKnownFileType = sourcecode.swift; path = SerializableSupportedTypeConvertible.swift; sourceTree = "<group>"; };
		DC5B845B1DBD1C36007751F6 /* DeserializableMappableDataWrapper.swift */ = {isa = PBXFileReference; fileEncoding = 4; lastKnownFileType = sourcecode.swift; path = DeserializableMappableDataWrapper.swift; sourceTree = "<group>"; };
		DC5B845C1DBD1C36007751F6 /* SerializableMappableDataWrapper.swift */ = {isa = PBXFileReference; fileEncoding = 4; lastKnownFileType = sourcecode.swift; path = SerializableMappableDataWrapper.swift; sourceTree = "<group>"; };
		DC5F6E751DBFEB2F005DDC61 /* Deserializable.swift */ = {isa = PBXFileReference; fileEncoding = 4; lastKnownFileType = sourcecode.swift; path = Deserializable.swift; sourceTree = "<group>"; };
		DC5F6E761DBFEB2F005DDC61 /* Mappable.swift */ = {isa = PBXFileReference; fileEncoding = 4; lastKnownFileType = sourcecode.swift; path = Mappable.swift; sourceTree = "<group>"; };
		DC5F6E771DBFEB2F005DDC61 /* Serializable.swift */ = {isa = PBXFileReference; fileEncoding = 4; lastKnownFileType = sourcecode.swift; path = Serializable.swift; sourceTree = "<group>"; };
		DC81E5311E0AF0D800E80FE3 /* TypedSerializer.swift */ = {isa = PBXFileReference; fileEncoding = 4; lastKnownFileType = sourcecode.swift; path = TypedSerializer.swift; sourceTree = "<group>"; };
		DCA815711E3605D700C78A44 /* Info.plist */ = {isa = PBXFileReference; fileEncoding = 4; lastKnownFileType = text.plist.xml; path = Info.plist; sourceTree = "<group>"; };
		DCA8173B1E361E4800C78A44 /* ApiTest.swift */ = {isa = PBXFileReference; fileEncoding = 4; lastKnownFileType = sourcecode.swift; path = ApiTest.swift; sourceTree = "<group>"; };
		DCA8173C1E361E4800C78A44 /* BoolTransformationTest.swift */ = {isa = PBXFileReference; fileEncoding = 4; lastKnownFileType = sourcecode.swift; path = BoolTransformationTest.swift; sourceTree = "<group>"; };
		DCA8173D1E361E4800C78A44 /* CompositeTransformationsTest.swift */ = {isa = PBXFileReference; fileEncoding = 4; lastKnownFileType = sourcecode.swift; path = CompositeTransformationsTest.swift; sourceTree = "<group>"; };
		DCA8173E1E361E4800C78A44 /* ConvertiblesTest.swift */ = {isa = PBXFileReference; fileEncoding = 4; lastKnownFileType = sourcecode.swift; path = ConvertiblesTest.swift; sourceTree = "<group>"; };
		DCA8173F1E361E4800C78A44 /* CustomDateFormatTransformationTest.swift */ = {isa = PBXFileReference; fileEncoding = 4; lastKnownFileType = sourcecode.swift; path = CustomDateFormatTransformationTest.swift; sourceTree = "<group>"; };
		DCA817401E361E4800C78A44 /* DateFormatterTransformationTest.swift */ = {isa = PBXFileReference; fileEncoding = 4; lastKnownFileType = sourcecode.swift; path = DateFormatterTransformationTest.swift; sourceTree = "<group>"; };
		DCA817411E361E4800C78A44 /* DateTransformationTest.swift */ = {isa = PBXFileReference; fileEncoding = 4; lastKnownFileType = sourcecode.swift; path = DateTransformationTest.swift; sourceTree = "<group>"; };
		DCA817421E361E4800C78A44 /* DelegatedTransformationTest.swift */ = {isa = PBXFileReference; fileEncoding = 4; lastKnownFileType = sourcecode.swift; path = DelegatedTransformationTest.swift; sourceTree = "<group>"; };
		DCA817431E361E4800C78A44 /* DeserializableDataTest.swift */ = {isa = PBXFileReference; fileEncoding = 4; lastKnownFileType = sourcecode.swift; path = DeserializableDataTest.swift; sourceTree = "<group>"; };
		DCA817441E361E4800C78A44 /* DeserializableMappableDataWrapperTest.swift */ = {isa = PBXFileReference; fileEncoding = 4; lastKnownFileType = sourcecode.swift; path = DeserializableMappableDataWrapperTest.swift; sourceTree = "<group>"; };
		DCA817451E361E4800C78A44 /* DeserializableTest.swift */ = {isa = PBXFileReference; fileEncoding = 4; lastKnownFileType = sourcecode.swift; path = DeserializableTest.swift; sourceTree = "<group>"; };
		DCA817461E361E4800C78A44 /* DoubleTransformationTest.swift */ = {isa = PBXFileReference; fileEncoding = 4; lastKnownFileType = sourcecode.swift; path = DoubleTransformationTest.swift; sourceTree = "<group>"; };
		DCA817471E361E4800C78A44 /* EnumTransformationTest.swift */ = {isa = PBXFileReference; fileEncoding = 4; lastKnownFileType = sourcecode.swift; path = EnumTransformationTest.swift; sourceTree = "<group>"; };
		DCA817481E361E4800C78A44 /* GenericPolymorphicInfoTest.swift */ = {isa = PBXFileReference; fileEncoding = 4; lastKnownFileType = sourcecode.swift; path = GenericPolymorphicInfoTest.swift; sourceTree = "<group>"; };
		DCA817491E361E4800C78A44 /* IntTransformationTest.swift */ = {isa = PBXFileReference; fileEncoding = 4; lastKnownFileType = sourcecode.swift; path = IntTransformationTest.swift; sourceTree = "<group>"; };
		DCA8174A1E361E4800C78A44 /* ISO8601DateTransformationTest.swift */ = {isa = PBXFileReference; fileEncoding = 4; lastKnownFileType = sourcecode.swift; path = ISO8601DateTransformationTest.swift; sourceTree = "<group>"; };
		DCA8174B1E361E4800C78A44 /* MappableTest.swift */ = {isa = PBXFileReference; fileEncoding = 4; lastKnownFileType = sourcecode.swift; path = MappableTest.swift; sourceTree = "<group>"; };
		DCA8174C1E361E4800C78A44 /* PerformanceTest.swift */ = {isa = PBXFileReference; fileEncoding = 4; lastKnownFileType = sourcecode.swift; path = PerformanceTest.swift; sourceTree = "<group>"; };
		DCA8174D1E361E4800C78A44 /* PolymorphDataProviderTest.swift */ = {isa = PBXFileReference; fileEncoding = 4; lastKnownFileType = sourcecode.swift; path = PolymorphDataProviderTest.swift; sourceTree = "<group>"; };
		DCA8174E1E361E4800C78A44 /* PolymorphicTest.swift */ = {isa = PBXFileReference; fileEncoding = 4; lastKnownFileType = sourcecode.swift; path = PolymorphicTest.swift; sourceTree = "<group>"; };
		DCA8174F1E361E4800C78A44 /* SerializableData.swift */ = {isa = PBXFileReference; fileEncoding = 4; lastKnownFileType = sourcecode.swift; path = SerializableData.swift; sourceTree = "<group>"; };
		DCA817501E361E4800C78A44 /* SerializableMappableDataWrapperTest.swift */ = {isa = PBXFileReference; fileEncoding = 4; lastKnownFileType = sourcecode.swift; path = SerializableMappableDataWrapperTest.swift; sourceTree = "<group>"; };
		DCA817511E361E4800C78A44 /* SerializableTest.swift */ = {isa = PBXFileReference; fileEncoding = 4; lastKnownFileType = sourcecode.swift; path = SerializableTest.swift; sourceTree = "<group>"; };
		DCA817521E361E4800C78A44 /* StaticPolymorphTest.swift */ = {isa = PBXFileReference; fileEncoding = 4; lastKnownFileType = sourcecode.swift; path = StaticPolymorphTest.swift; sourceTree = "<group>"; };
		DCA817531E361E4800C78A44 /* StringTransformationTest.swift */ = {isa = PBXFileReference; fileEncoding = 4; lastKnownFileType = sourcecode.swift; path = StringTransformationTest.swift; sourceTree = "<group>"; };
		DCA817541E361E4800C78A44 /* SupportedTypeTest.swift */ = {isa = PBXFileReference; fileEncoding = 4; lastKnownFileType = sourcecode.swift; path = SupportedTypeTest.swift; sourceTree = "<group>"; };
		DCA817551E361E4800C78A44 /* TransformationTest.swift */ = {isa = PBXFileReference; fileEncoding = 4; lastKnownFileType = sourcecode.swift; path = TransformationTest.swift; sourceTree = "<group>"; };
		DCA817561E361E4800C78A44 /* URLTransformationTest.swift */ = {isa = PBXFileReference; fileEncoding = 4; lastKnownFileType = sourcecode.swift; path = URLTransformationTest.swift; sourceTree = "<group>"; };
		DCA8178F1E361EC700C78A44 /* Info.plist */ = {isa = PBXFileReference; fileEncoding = 4; lastKnownFileType = text.plist.xml; path = Info.plist; sourceTree = "<group>"; };
/* End PBXFileReference section */

/* Begin PBXFrameworksBuildPhase section */
		18E484491BA8BFB1004CB09A /* Frameworks */ = {
			isa = PBXFrameworksBuildPhase;
			buildActionMask = 2147483647;
			files = (
				2126DC84F6D1907D1175EE81 /* Pods_SwiftKit.framework in Frameworks */,
			);
			runOnlyForDeploymentPostprocessing = 0;
		};
		18E484531BA8BFB1004CB09A /* Frameworks */ = {
			isa = PBXFrameworksBuildPhase;
			buildActionMask = 2147483647;
			files = (
				18E484571BA8BFB1004CB09A /* SwiftKit.framework in Frameworks */,
				55C54F0104A40999A1698333 /* Pods_SwiftKitTests.framework in Frameworks */,
			);
			runOnlyForDeploymentPostprocessing = 0;
		};
/* End PBXFrameworksBuildPhase section */

/* Begin PBXGroup section */
		18E4847E1BA8C054004CB09A /* ObjectMapper */ = {
			isa = PBXGroup;
			children = (
				DC07855D1DC6634A0063AB96 /* DeserializationError.swift */,
				DC4D918B1DC345090095A348 /* ObjectMapper.swift */,
				DC4D91711DC341B30095A348 /* Polymorph.swift */,
				DC4D918D1DC345140095A348 /* Serializer.swift */,
				DC5B83CF1DBA964E007751F6 /* SupportedType.swift */,
				DC81E5311E0AF0D800E80FE3 /* TypedSerializer.swift */,
				DC5B83911DBA9223007751F6 /* Map */,
				DC5F6E741DBFEAFA005DDC61 /* Mappable */,
				DC4D91731DC3424B0095A348 /* StaticPolymorph */,
				DC5B83D11DBA9CF0007751F6 /* Transformation */,
				DC4D91911DC34BD80095A348 /* Utils */,
			);
			path = ObjectMapper;
			sourceTree = "<group>";
		};
		40530704BB654DF2297D1CF7 /* Pods */ = {
			isa = PBXGroup;
			children = (
				D377A479DD457196E4FC76E9 /* Pods-Showcase.debug.xcconfig */,
				1D62DDC16E1C85A5E017C537 /* Pods-Showcase.release.xcconfig */,
				71E4442DD32958F54EE30CF2 /* Pods-SwiftKit.debug.xcconfig */,
				5D12B164744D9929A95F5B9D /* Pods-SwiftKit.release.xcconfig */,
				8A5A3D6215DD5250671D66F0 /* Pods-SwiftKitTests.debug.xcconfig */,
				06A3361664629697F20BE8C3 /* Pods-SwiftKitTests.release.xcconfig */,
			);
			name = Pods;
			sourceTree = "<group>";
		};
		6003F581195388D10070C39A = {
			isa = PBXGroup;
			children = (
				DCA815711E3605D700C78A44 /* Info.plist */,
				DC4D91961DC3E6CC0095A348 /* JsonSerializer */,
				18E4847E1BA8C054004CB09A /* ObjectMapper */,
				DCA817391E361E4800C78A44 /* Tests */,
				40530704BB654DF2297D1CF7 /* Pods */,
				6003F58C195388D20070C39A /* Frameworks */,
				6003F58B195388D20070C39A /* Products */,
			);
			sourceTree = "<group>";
		};
		6003F58B195388D20070C39A /* Products */ = {
			isa = PBXGroup;
			children = (
				18E4844D1BA8BFB1004CB09A /* SwiftKit.framework */,
				18E484561BA8BFB1004CB09A /* SwiftKitTests.xctest */,
			);
			name = Products;
			sourceTree = "<group>";
		};
		6003F58C195388D20070C39A /* Frameworks */ = {
			isa = PBXGroup;
			children = (
				6003F58D195388D20070C39A /* Foundation.framework */,
				6003F58F195388D20070C39A /* CoreGraphics.framework */,
				6003F591195388D20070C39A /* UIKit.framework */,
				6003F5AF195388D20070C39A /* XCTest.framework */,
				5E1C57433A6E87B4863BE0A9 /* Pods.framework */,
				2EDD550C9736BD9AF8C2C55A /* Pods_Showcase.framework */,
				BAE7934CA54D6546A09DB278 /* Pods_SwiftKit.framework */,
				B2DE9C9C07DC93B4E6269F81 /* Pods_SwiftKitTests.framework */,
			);
			name = Frameworks;
			sourceTree = "<group>";
		};
		DC4D91731DC3424B0095A348 /* StaticPolymorph */ = {
			isa = PBXGroup;
			children = (
				DC4D91741DC3425C0095A348 /* GenericPolymorphicInfo.swift */,
				DC4D91751DC3425C0095A348 /* PolymorphDataProvider.swift */,
				DC4D91771DC3425C0095A348 /* PolymorphicInfo.swift */,
				DC4D91781DC3425C0095A348 /* Polymorphic.swift */,
				DC4D91941DC34D300095A348 /* StaticPolymorph.swift */,
				DC4D91821DC342750095A348 /* PolymorphicMappable */,
			);
			path = StaticPolymorph;
			sourceTree = "<group>";
		};
		DC4D91821DC342750095A348 /* PolymorphicMappable */ = {
			isa = PBXGroup;
			children = (
				DC4D91831DC3428C0095A348 /* PolymorphicDeserializable.swift */,
				DC4D91841DC3428C0095A348 /* PolymorphicMappable.swift */,
				DC4D91851DC3428C0095A348 /* PolymorphicSerializable.swift */,
			);
			path = PolymorphicMappable;
			sourceTree = "<group>";
		};
		DC4D91911DC34BD80095A348 /* Utils */ = {
			isa = PBXGroup;
			children = (
				DC4D91921DC34BE40095A348 /* DictionaryUtils.swift */,
			);
			path = Utils;
			sourceTree = "<group>";
		};
		DC4D91961DC3E6CC0095A348 /* JsonSerializer */ = {
			isa = PBXGroup;
			children = (
				DC4D91971DC3E6E00095A348 /* JsonSerializer.swift */,
			);
			path = JsonSerializer;
			sourceTree = "<group>";
		};
		DC5B83911DBA9223007751F6 /* Map */ = {
			isa = PBXGroup;
			children = (
				DC5B83941DBA92A4007751F6 /* DeserializableData.swift */,
				DC5B845B1DBD1C36007751F6 /* DeserializableMappableDataWrapper.swift */,
				DC5B83961DBA92B4007751F6 /* MappableData.swift */,
				DC5B83921DBA9294007751F6 /* SerializableData.swift */,
				DC5B845C1DBD1C36007751F6 /* SerializableMappableDataWrapper.swift */,
			);
			path = Map;
			sourceTree = "<group>";
		};
		DC5B83D11DBA9CF0007751F6 /* Transformation */ = {
			isa = PBXGroup;
			children = (
				DC5B83D41DBA9D42007751F6 /* AnyTransformation.swift */,
				DC5B83F11DBAA46E007751F6 /* CompositeTransformation.swift */,
				DC5B83F51DBAB5A4007751F6 /* DelegatedTransformation.swift */,
				DC5B83F31DBAAC1A007751F6 /* SupportedTypeConvertible.swift */,
				DC5B83D51DBA9D42007751F6 /* Transformation.swift */,
				DC5B84201DBAC5B2007751F6 /* Convertibles */,
				DC5B843E1DBC9F73007751F6 /* Deserializable */,
				DC5B843D1DBC9F6B007751F6 /* Serializable */,
				DC5B83D81DBA9EDD007751F6 /* Transformations */,
			);
			path = Transformation;
			sourceTree = "<group>";
		};
		DC5B83D81DBA9EDD007751F6 /* Transformations */ = {
			isa = PBXGroup;
			children = (
				DC5B840F1DBAC5A4007751F6 /* EnumTransformation.swift */,
				DC5B84101DBAC5A4007751F6 /* URLTransformation.swift */,
				DC5B840A1DBAC5A4007751F6 /* Date */,
				DC5B84111DBAC5A4007751F6 /* Value */,
			);
			path = Transformations;
			sourceTree = "<group>";
		};
		DC5B840A1DBAC5A4007751F6 /* Date */ = {
			isa = PBXGroup;
			children = (
				DC5B840B1DBAC5A4007751F6 /* CustomDateFormatTransformation.swift */,
				DC5B840C1DBAC5A4007751F6 /* DateFormatterTransformation.swift */,
				DC5B840D1DBAC5A4007751F6 /* DateTransformation.swift */,
				DC5B840E1DBAC5A4007751F6 /* ISO8601DateTransformation.swift */,
			);
			path = Date;
			sourceTree = "<group>";
		};
		DC5B84111DBAC5A4007751F6 /* Value */ = {
			isa = PBXGroup;
			children = (
				DC5B84121DBAC5A4007751F6 /* BoolTransformation.swift */,
				DC5B84131DBAC5A4007751F6 /* DoubleTransformation.swift */,
				DC5B84141DBAC5A4007751F6 /* IntTransformation.swift */,
				DC5B84151DBAC5A4007751F6 /* StringTransformation.swift */,
			);
			path = Value;
			sourceTree = "<group>";
		};
		DC5B84201DBAC5B2007751F6 /* Convertibles */ = {
			isa = PBXGroup;
			children = (
				DC5B84291DBAC660007751F6 /* Bool+SupportedTypeConvertible.swift */,
				DC5B84271DBAC651007751F6 /* Double+SupportedTypeConvertible.swift */,
				DC5B84211DBAC606007751F6 /* Int+SupportedTypeConvertible.swift */,
				DC5B84231DBAC612007751F6 /* String+SupportedTypeConvertible.swift */,
				DC5B842B1DBAC66E007751F6 /* URL+SupportedTypeConvertible.swift */,
			);
			path = Convertibles;
			sourceTree = "<group>";
		};
		DC5B843D1DBC9F6B007751F6 /* Serializable */ = {
			isa = PBXGroup;
			children = (
				DC5B84451DBCA005007751F6 /* AnySerializableTransformation.swift */,
				DC5B844D1DBCA074007751F6 /* CompositeSerializableTransformation.swift */,
				DC5B844E1DBCA074007751F6 /* DelegatedSerializableTransformation.swift */,
				DC5B844F1DBCA074007751F6 /* SerializableSupportedTypeConvertible.swift */,
				DC5B84411DBC9FD8007751F6 /* SerializableTransformation.swift */,
			);
			path = Serializable;
			sourceTree = "<group>";
		};
		DC5B843E1DBC9F73007751F6 /* Deserializable */ = {
			isa = PBXGroup;
			children = (
				DC5B84431DBC9FF4007751F6 /* AnyDeserializableTransformation.swift */,
				DC5B84471DBCA069007751F6 /* CompositeDeserializableTransformation.swift */,
				DC5B84481DBCA069007751F6 /* DelegatedDeserializableTransformation.swift */,
				DC5B84491DBCA069007751F6 /* DeserializableSupportedTypeConvertible.swift */,
				DC5B843F1DBC9FCA007751F6 /* DeserializableTransformation.swift */,
			);
			path = Deserializable;
			sourceTree = "<group>";
		};
		DC5F6E741DBFEAFA005DDC61 /* Mappable */ = {
			isa = PBXGroup;
			children = (
				DC5F6E751DBFEB2F005DDC61 /* Deserializable.swift */,
				DC5F6E761DBFEB2F005DDC61 /* Mappable.swift */,
				DC5F6E771DBFEB2F005DDC61 /* Serializable.swift */,
			);
			path = Mappable;
			sourceTree = "<group>";
		};
		DCA817391E361E4800C78A44 /* Tests */ = {
			isa = PBXGroup;
			children = (
				DCA8178F1E361EC700C78A44 /* Info.plist */,
				DCA8173A1E361E4800C78A44 /* ObjectMapper */,
			);
			path = Tests;
			sourceTree = "<group>";
		};
		DCA8173A1E361E4800C78A44 /* ObjectMapper */ = {
			isa = PBXGroup;
			children = (
				DCA8173B1E361E4800C78A44 /* ApiTest.swift */,
				DCA8173C1E361E4800C78A44 /* BoolTransformationTest.swift */,
				DCA8173D1E361E4800C78A44 /* CompositeTransformationsTest.swift */,
				DCA8173E1E361E4800C78A44 /* ConvertiblesTest.swift */,
				DCA8173F1E361E4800C78A44 /* CustomDateFormatTransformationTest.swift */,
				DCA817401E361E4800C78A44 /* DateFormatterTransformationTest.swift */,
				DCA817411E361E4800C78A44 /* DateTransformationTest.swift */,
				DCA817421E361E4800C78A44 /* DelegatedTransformationTest.swift */,
				DCA817431E361E4800C78A44 /* DeserializableDataTest.swift */,
				DCA817441E361E4800C78A44 /* DeserializableMappableDataWrapperTest.swift */,
				DCA817451E361E4800C78A44 /* DeserializableTest.swift */,
				DCA817461E361E4800C78A44 /* DoubleTransformationTest.swift */,
				DCA817471E361E4800C78A44 /* EnumTransformationTest.swift */,
				DCA817481E361E4800C78A44 /* GenericPolymorphicInfoTest.swift */,
				DCA817491E361E4800C78A44 /* IntTransformationTest.swift */,
				DCA8174A1E361E4800C78A44 /* ISO8601DateTransformationTest.swift */,
				DCA8174B1E361E4800C78A44 /* MappableTest.swift */,
				DCA8174C1E361E4800C78A44 /* PerformanceTest.swift */,
				DCA8174D1E361E4800C78A44 /* PolymorphDataProviderTest.swift */,
				DCA8174E1E361E4800C78A44 /* PolymorphicTest.swift */,
				DCA8174F1E361E4800C78A44 /* SerializableData.swift */,
				DCA817501E361E4800C78A44 /* SerializableMappableDataWrapperTest.swift */,
				DCA817511E361E4800C78A44 /* SerializableTest.swift */,
				DCA817521E361E4800C78A44 /* StaticPolymorphTest.swift */,
				DCA817531E361E4800C78A44 /* StringTransformationTest.swift */,
				DCA817541E361E4800C78A44 /* SupportedTypeTest.swift */,
				DCA817551E361E4800C78A44 /* TransformationTest.swift */,
				DCA817561E361E4800C78A44 /* URLTransformationTest.swift */,
			);
			path = ObjectMapper;
			sourceTree = "<group>";
		};
/* End PBXGroup section */

/* Begin PBXHeadersBuildPhase section */
		18E4844A1BA8BFB1004CB09A /* Headers */ = {
			isa = PBXHeadersBuildPhase;
			buildActionMask = 2147483647;
			files = (
			);
			runOnlyForDeploymentPostprocessing = 0;
		};
/* End PBXHeadersBuildPhase section */

/* Begin PBXNativeTarget section */
		18E4844C1BA8BFB1004CB09A /* SwiftKit */ = {
			isa = PBXNativeTarget;
			buildConfigurationList = 18E484641BA8BFB1004CB09A /* Build configuration list for PBXNativeTarget "SwiftKit" */;
			buildPhases = (
				8BEE83A0B8E8B96C376572AC /* [CP] Check Pods Manifest.lock */,
				18E484481BA8BFB1004CB09A /* Sources */,
				18E484491BA8BFB1004CB09A /* Frameworks */,
				18E4844A1BA8BFB1004CB09A /* Headers */,
				18E4844B1BA8BFB1004CB09A /* Resources */,
				BD6E9D0536F42C5040E24A8E /* [CP] Copy Pods Resources */,
			);
			buildRules = (
			);
			dependencies = (
			);
			name = SwiftKit;
			productName = SwiftKit;
			productReference = 18E4844D1BA8BFB1004CB09A /* SwiftKit.framework */;
			productType = "com.apple.product-type.framework";
		};
		18E484551BA8BFB1004CB09A /* SwiftKitTests */ = {
			isa = PBXNativeTarget;
			buildConfigurationList = 18E484681BA8BFB1004CB09A /* Build configuration list for PBXNativeTarget "SwiftKitTests" */;
			buildPhases = (
				DA0FDB8995EE725847F2562A /* [CP] Check Pods Manifest.lock */,
				18E484521BA8BFB1004CB09A /* Sources */,
				18E484531BA8BFB1004CB09A /* Frameworks */,
				18E484541BA8BFB1004CB09A /* Resources */,
				921650F9D8529F3C16859D75 /* [CP] Embed Pods Frameworks */,
				6740BA2BA3A725465D8BBB8E /* [CP] Copy Pods Resources */,
			);
			buildRules = (
			);
			dependencies = (
				18E484591BA8BFB1004CB09A /* PBXTargetDependency */,
			);
			name = SwiftKitTests;
			productName = SwiftKitTests;
			productReference = 18E484561BA8BFB1004CB09A /* SwiftKitTests.xctest */;
			productType = "com.apple.product-type.bundle.unit-test";
		};
/* End PBXNativeTarget section */

/* Begin PBXProject section */
		6003F582195388D10070C39A /* Project object */ = {
			isa = PBXProject;
			attributes = {
				CLASSPREFIX = BFY;
				LastSwiftUpdateCheck = 0700;
				LastUpgradeCheck = 0800;
				ORGANIZATIONNAME = Brightify;
				TargetAttributes = {
					18E4844C1BA8BFB1004CB09A = {
						CreatedOnToolsVersion = 7.0;
						LastSwiftMigration = 0800;
					};
					18E484551BA8BFB1004CB09A = {
						CreatedOnToolsVersion = 7.0;
					};
				};
			};
			buildConfigurationList = 6003F585195388D10070C39A /* Build configuration list for PBXProject "SwiftKit" */;
			compatibilityVersion = "Xcode 3.2";
			developmentRegion = English;
			hasScannedForEncodings = 0;
			knownRegions = (
				en,
				Base,
			);
			mainGroup = 6003F581195388D10070C39A;
			productRefGroup = 6003F58B195388D20070C39A /* Products */;
			projectDirPath = "";
			projectRoot = "";
			targets = (
				18E4844C1BA8BFB1004CB09A /* SwiftKit */,
				18E484551BA8BFB1004CB09A /* SwiftKitTests */,
			);
		};
/* End PBXProject section */

/* Begin PBXResourcesBuildPhase section */
		18E4844B1BA8BFB1004CB09A /* Resources */ = {
			isa = PBXResourcesBuildPhase;
			buildActionMask = 2147483647;
			files = (
			);
			runOnlyForDeploymentPostprocessing = 0;
		};
		18E484541BA8BFB1004CB09A /* Resources */ = {
			isa = PBXResourcesBuildPhase;
			buildActionMask = 2147483647;
			files = (
			);
			runOnlyForDeploymentPostprocessing = 0;
		};
/* End PBXResourcesBuildPhase section */

/* Begin PBXShellScriptBuildPhase section */
		6740BA2BA3A725465D8BBB8E /* [CP] Copy Pods Resources */ = {
			isa = PBXShellScriptBuildPhase;
			buildActionMask = 2147483647;
			files = (
			);
			inputPaths = (
			);
			name = "[CP] Copy Pods Resources";
			outputPaths = (
			);
			runOnlyForDeploymentPostprocessing = 0;
			shellPath = /bin/sh;
			shellScript = "\"${SRCROOT}/Pods/Target Support Files/Pods-SwiftKitTests/Pods-SwiftKitTests-resources.sh\"\n";
			showEnvVarsInLog = 0;
		};
		8BEE83A0B8E8B96C376572AC /* [CP] Check Pods Manifest.lock */ = {
			isa = PBXShellScriptBuildPhase;
			buildActionMask = 2147483647;
			files = (
			);
			inputPaths = (
			);
			name = "[CP] Check Pods Manifest.lock";
			outputPaths = (
			);
			runOnlyForDeploymentPostprocessing = 0;
			shellPath = /bin/sh;
			shellScript = "diff \"${PODS_ROOT}/../Podfile.lock\" \"${PODS_ROOT}/Manifest.lock\" > /dev/null\nif [ $? != 0 ] ; then\n    # print error to STDERR\n    echo \"error: The sandbox is not in sync with the Podfile.lock. Run 'pod install' or update your CocoaPods installation.\" >&2\n    exit 1\nfi\n";
			showEnvVarsInLog = 0;
		};
		921650F9D8529F3C16859D75 /* [CP] Embed Pods Frameworks */ = {
			isa = PBXShellScriptBuildPhase;
			buildActionMask = 2147483647;
			files = (
			);
			inputPaths = (
			);
			name = "[CP] Embed Pods Frameworks";
			outputPaths = (
			);
			runOnlyForDeploymentPostprocessing = 0;
			shellPath = /bin/sh;
			shellScript = "\"${SRCROOT}/Pods/Target Support Files/Pods-SwiftKitTests/Pods-SwiftKitTests-frameworks.sh\"\n";
			showEnvVarsInLog = 0;
		};
		BD6E9D0536F42C5040E24A8E /* [CP] Copy Pods Resources */ = {
			isa = PBXShellScriptBuildPhase;
			buildActionMask = 2147483647;
			files = (
			);
			inputPaths = (
			);
			name = "[CP] Copy Pods Resources";
			outputPaths = (
			);
			runOnlyForDeploymentPostprocessing = 0;
			shellPath = /bin/sh;
			shellScript = "\"${SRCROOT}/Pods/Target Support Files/Pods-SwiftKit/Pods-SwiftKit-resources.sh\"\n";
			showEnvVarsInLog = 0;
		};
		DA0FDB8995EE725847F2562A /* [CP] Check Pods Manifest.lock */ = {
			isa = PBXShellScriptBuildPhase;
			buildActionMask = 2147483647;
			files = (
			);
			inputPaths = (
			);
			name = "[CP] Check Pods Manifest.lock";
			outputPaths = (
			);
			runOnlyForDeploymentPostprocessing = 0;
			shellPath = /bin/sh;
			shellScript = "diff \"${PODS_ROOT}/../Podfile.lock\" \"${PODS_ROOT}/Manifest.lock\" > /dev/null\nif [ $? != 0 ] ; then\n    # print error to STDERR\n    echo \"error: The sandbox is not in sync with the Podfile.lock. Run 'pod install' or update your CocoaPods installation.\" >&2\n    exit 1\nfi\n";
			showEnvVarsInLog = 0;
		};
/* End PBXShellScriptBuildPhase section */

/* Begin PBXSourcesBuildPhase section */
		18E484481BA8BFB1004CB09A /* Sources */ = {
			isa = PBXSourcesBuildPhase;
			buildActionMask = 2147483647;
			files = (
				DC5B844B1DBCA069007751F6 /* DelegatedDeserializableTransformation.swift in Sources */,
				DC4D918E1DC345140095A348 /* Serializer.swift in Sources */,
				DC5B84161DBAC5A4007751F6 /* CustomDateFormatTransformation.swift in Sources */,
				DC5B83F61DBAB5A4007751F6 /* DelegatedTransformation.swift in Sources */,
				DC07855E1DC6634A0063AB96 /* DeserializationError.swift in Sources */,
				DC5B845D1DBD1C36007751F6 /* DeserializableMappableDataWrapper.swift in Sources */,
				DC5B841F1DBAC5A4007751F6 /* StringTransformation.swift in Sources */,
				DC4D91951DC34D300095A348 /* StaticPolymorph.swift in Sources */,
				DC4D917B1DC3425C0095A348 /* GenericPolymorphicInfo.swift in Sources */,
				DC5B83F21DBAA46E007751F6 /* CompositeTransformation.swift in Sources */,
				DC5B841D1DBAC5A4007751F6 /* DoubleTransformation.swift in Sources */,
				DC5F6E791DBFEB2F005DDC61 /* Mappable.swift in Sources */,
				DC4D91981DC3E6E00095A348 /* JsonSerializer.swift in Sources */,
				DC5B841B1DBAC5A4007751F6 /* URLTransformation.swift in Sources */,
				DC5B83951DBA92A4007751F6 /* DeserializableData.swift in Sources */,
				DC5B84521DBCA074007751F6 /* SerializableSupportedTypeConvertible.swift in Sources */,
				DC5B841E1DBAC5A4007751F6 /* IntTransformation.swift in Sources */,
				DC5B84181DBAC5A4007751F6 /* DateTransformation.swift in Sources */,
				DC4D91871DC3428C0095A348 /* PolymorphicMappable.swift in Sources */,
				DC5B841C1DBAC5A4007751F6 /* BoolTransformation.swift in Sources */,
				DC5B841A1DBAC5A4007751F6 /* EnumTransformation.swift in Sources */,
				DC5B84171DBAC5A4007751F6 /* DateFormatterTransformation.swift in Sources */,
				DC5B84221DBAC606007751F6 /* Int+SupportedTypeConvertible.swift in Sources */,
				DC5B83931DBA9294007751F6 /* SerializableData.swift in Sources */,
				DC5B84191DBAC5A4007751F6 /* ISO8601DateTransformation.swift in Sources */,
				DC5B84281DBAC651007751F6 /* Double+SupportedTypeConvertible.swift in Sources */,
				DC5B84511DBCA074007751F6 /* DelegatedSerializableTransformation.swift in Sources */,
				DC5B845E1DBD1C36007751F6 /* SerializableMappableDataWrapper.swift in Sources */,
				DC5B842C1DBAC66E007751F6 /* URL+SupportedTypeConvertible.swift in Sources */,
				DC5B84501DBCA074007751F6 /* CompositeSerializableTransformation.swift in Sources */,
				DC5B83D61DBA9D42007751F6 /* AnyTransformation.swift in Sources */,
				DC5B83F41DBAAC1A007751F6 /* SupportedTypeConvertible.swift in Sources */,
				DC5B84421DBC9FD8007751F6 /* SerializableTransformation.swift in Sources */,
				DC4D91721DC341B30095A348 /* Polymorph.swift in Sources */,
				DC5B83971DBA92B4007751F6 /* MappableData.swift in Sources */,
				DC4D918C1DC345090095A348 /* ObjectMapper.swift in Sources */,
				DC4D917E1DC3425C0095A348 /* PolymorphicInfo.swift in Sources */,
				DC5B84461DBCA005007751F6 /* AnySerializableTransformation.swift in Sources */,
				DC5B842A1DBAC660007751F6 /* Bool+SupportedTypeConvertible.swift in Sources */,
				DC5B83F71DBAC189007751F6 /* SupportedType.swift in Sources */,
				DC81E5321E0AF0D800E80FE3 /* TypedSerializer.swift in Sources */,
				DC4D91881DC3428C0095A348 /* PolymorphicSerializable.swift in Sources */,
				DC4D917F1DC3425C0095A348 /* Polymorphic.swift in Sources */,
				DC5B83D71DBA9D42007751F6 /* Transformation.swift in Sources */,
				DC5B84401DBC9FCA007751F6 /* DeserializableTransformation.swift in Sources */,
				DC5F6E781DBFEB2F005DDC61 /* Deserializable.swift in Sources */,
				DC4D91861DC3428C0095A348 /* PolymorphicDeserializable.swift in Sources */,
				DC4D91931DC34BE40095A348 /* DictionaryUtils.swift in Sources */,
				DC5B84241DBAC612007751F6 /* String+SupportedTypeConvertible.swift in Sources */,
				DC4D917C1DC3425C0095A348 /* PolymorphDataProvider.swift in Sources */,
				DC5F6E7A1DBFEB2F005DDC61 /* Serializable.swift in Sources */,
				DC5B844A1DBCA069007751F6 /* CompositeDeserializableTransformation.swift in Sources */,
				DC5B844C1DBCA069007751F6 /* DeserializableSupportedTypeConvertible.swift in Sources */,
				DC5B84441DBC9FF4007751F6 /* AnyDeserializableTransformation.swift in Sources */,
			);
			runOnlyForDeploymentPostprocessing = 0;
		};
		18E484521BA8BFB1004CB09A /* Sources */ = {
			isa = PBXSourcesBuildPhase;
			buildActionMask = 2147483647;
			files = (
				DCA817811E361E7D00C78A44 /* IntTransformationTest.swift in Sources */,
				DCA817741E361E7D00C78A44 /* BoolTransformationTest.swift in Sources */,
				DCA8177D1E361E7D00C78A44 /* DeserializableTest.swift in Sources */,
				DCA817761E361E7D00C78A44 /* ConvertiblesTest.swift in Sources */,
				DCA817871E361E7D00C78A44 /* SerializableData.swift in Sources */,
				DCA817791E361E7D00C78A44 /* DateTransformationTest.swift in Sources */,
				DCA8178C1E361E7D00C78A44 /* SupportedTypeTest.swift in Sources */,
				DCA817821E361E7D00C78A44 /* ISO8601DateTransformationTest.swift in Sources */,
				DCA817841E361E7D00C78A44 /* PerformanceTest.swift in Sources */,
				DCA817881E361E7D00C78A44 /* SerializableMappableDataWrapperTest.swift in Sources */,
				DCA817801E361E7D00C78A44 /* GenericPolymorphicInfoTest.swift in Sources */,
				DCA8177C1E361E7D00C78A44 /* DeserializableMappableDataWrapperTest.swift in Sources */,
				DCA817891E361E7D00C78A44 /* SerializableTest.swift in Sources */,
				DCA817851E361E7D00C78A44 /* PolymorphDataProviderTest.swift in Sources */,
				DCA817861E361E7D00C78A44 /* PolymorphicTest.swift in Sources */,
				DCA8178A1E361E7D00C78A44 /* StaticPolymorphTest.swift in Sources */,
				DCA8178E1E361E7D00C78A44 /* URLTransformationTest.swift in Sources */,
				DCA8178B1E361E7D00C78A44 /* StringTransformationTest.swift in Sources */,
				DCA817751E361E7D00C78A44 /* CompositeTransformationsTest.swift in Sources */,
				DCA8177F1E361E7D00C78A44 /* EnumTransformationTest.swift in Sources */,
				DCA817831E361E7D00C78A44 /* MappableTest.swift in Sources */,
				DCA817731E361E7D00C78A44 /* ApiTest.swift in Sources */,
				DCA817771E361E7D00C78A44 /* CustomDateFormatTransformationTest.swift in Sources */,
				DCA8177A1E361E7D00C78A44 /* DelegatedTransformationTest.swift in Sources */,
				DCA8177B1E361E7D00C78A44 /* DeserializableDataTest.swift in Sources */,
				DCA817781E361E7D00C78A44 /* DateFormatterTransformationTest.swift in Sources */,
				DCA8177E1E361E7D00C78A44 /* DoubleTransformationTest.swift in Sources */,
				DCA8178D1E361E7D00C78A44 /* TransformationTest.swift in Sources */,
			);
			runOnlyForDeploymentPostprocessing = 0;
		};
/* End PBXSourcesBuildPhase section */

/* Begin PBXTargetDependency section */
		18E484591BA8BFB1004CB09A /* PBXTargetDependency */ = {
			isa = PBXTargetDependency;
			target = 18E4844C1BA8BFB1004CB09A /* SwiftKit */;
			targetProxy = 18E484581BA8BFB1004CB09A /* PBXContainerItemProxy */;
		};
/* End PBXTargetDependency section */

/* Begin XCBuildConfiguration section */
		18E484651BA8BFB1004CB09A /* Debug */ = {
			isa = XCBuildConfiguration;
			baseConfigurationReference = 71E4442DD32958F54EE30CF2 /* Pods-SwiftKit.debug.xcconfig */;
			buildSettings = {
				ALWAYS_EMBED_SWIFT_STANDARD_LIBRARIES = YES;
				CLANG_WARN_UNREACHABLE_CODE = YES;
				"CODE_SIGN_IDENTITY[sdk=iphoneos*]" = "";
				CURRENT_PROJECT_VERSION = 1;
				DEBUG_INFORMATION_FORMAT = dwarf;
				DEFINES_MODULE = YES;
				DYLIB_COMPATIBILITY_VERSION = 1;
				DYLIB_CURRENT_VERSION = 1;
				DYLIB_INSTALL_NAME_BASE = "@rpath";
				ENABLE_BITCODE = YES;
				ENABLE_STRICT_OBJC_MSGSEND = YES;
				GCC_NO_COMMON_BLOCKS = YES;
				INFOPLIST_FILE = Info.plist;
				INSTALL_PATH = "$(LOCAL_LIBRARY_DIR)/Frameworks";
				LD_RUNPATH_SEARCH_PATHS = "$(inherited) @executable_path/Frameworks @loader_path/Frameworks";
				MTL_ENABLE_DEBUG_INFO = YES;
				PRODUCT_BUNDLE_IDENTIFIER = org.brightify.SwiftKit;
				PRODUCT_NAME = "$(TARGET_NAME)";
				SKIP_INSTALL = YES;
				SWIFT_VERSION = 3.0;
				VERSIONING_SYSTEM = "apple-generic";
				VERSION_INFO_PREFIX = "";
			};
			name = Debug;
		};
		18E484661BA8BFB1004CB09A /* Release */ = {
			isa = XCBuildConfiguration;
			baseConfigurationReference = 5D12B164744D9929A95F5B9D /* Pods-SwiftKit.release.xcconfig */;
			buildSettings = {
				ALWAYS_EMBED_SWIFT_STANDARD_LIBRARIES = YES;
				CLANG_WARN_UNREACHABLE_CODE = YES;
				"CODE_SIGN_IDENTITY[sdk=iphoneos*]" = "";
				COPY_PHASE_STRIP = NO;
				CURRENT_PROJECT_VERSION = 1;
				DEBUG_INFORMATION_FORMAT = "dwarf-with-dsym";
				DEFINES_MODULE = YES;
				DYLIB_COMPATIBILITY_VERSION = 1;
				DYLIB_CURRENT_VERSION = 1;
				DYLIB_INSTALL_NAME_BASE = "@rpath";
				ENABLE_BITCODE = YES;
				ENABLE_STRICT_OBJC_MSGSEND = YES;
				GCC_NO_COMMON_BLOCKS = YES;
				INFOPLIST_FILE = Info.plist;
				INSTALL_PATH = "$(LOCAL_LIBRARY_DIR)/Frameworks";
				LD_RUNPATH_SEARCH_PATHS = "$(inherited) @executable_path/Frameworks @loader_path/Frameworks";
				MTL_ENABLE_DEBUG_INFO = NO;
				PRODUCT_BUNDLE_IDENTIFIER = org.brightify.SwiftKit;
				PRODUCT_NAME = "$(TARGET_NAME)";
				SKIP_INSTALL = YES;
				SWIFT_VERSION = 3.0;
				VERSIONING_SYSTEM = "apple-generic";
				VERSION_INFO_PREFIX = "";
			};
			name = Release;
		};
		18E484691BA8BFB1004CB09A /* Debug */ = {
			isa = XCBuildConfiguration;
			baseConfigurationReference = 8A5A3D6215DD5250671D66F0 /* Pods-SwiftKitTests.debug.xcconfig */;
			buildSettings = {
				ALWAYS_EMBED_SWIFT_STANDARD_LIBRARIES = YES;
				CLANG_WARN_UNREACHABLE_CODE = YES;
				DEBUG_INFORMATION_FORMAT = dwarf;
				ENABLE_STRICT_OBJC_MSGSEND = YES;
				GCC_NO_COMMON_BLOCKS = YES;
				INFOPLIST_FILE = Tests/Info.plist;
				LD_RUNPATH_SEARCH_PATHS = "$(inherited) @executable_path/Frameworks @loader_path/Frameworks";
				MTL_ENABLE_DEBUG_INFO = YES;
				PRODUCT_BUNDLE_IDENTIFIER = org.brightify.SwiftKitTests;
				PRODUCT_NAME = "$(TARGET_NAME)";
			};
			name = Debug;
		};
		18E4846A1BA8BFB1004CB09A /* Release */ = {
			isa = XCBuildConfiguration;
			baseConfigurationReference = 06A3361664629697F20BE8C3 /* Pods-SwiftKitTests.release.xcconfig */;
			buildSettings = {
				ALWAYS_EMBED_SWIFT_STANDARD_LIBRARIES = YES;
				CLANG_WARN_UNREACHABLE_CODE = YES;
				COPY_PHASE_STRIP = NO;
				DEBUG_INFORMATION_FORMAT = "dwarf-with-dsym";
				ENABLE_STRICT_OBJC_MSGSEND = YES;
				GCC_NO_COMMON_BLOCKS = YES;
				INFOPLIST_FILE = Tests/Info.plist;
				LD_RUNPATH_SEARCH_PATHS = "$(inherited) @executable_path/Frameworks @loader_path/Frameworks";
				MTL_ENABLE_DEBUG_INFO = NO;
				PRODUCT_BUNDLE_IDENTIFIER = org.brightify.SwiftKitTests;
				PRODUCT_NAME = "$(TARGET_NAME)";
			};
			name = Release;
		};
		6003F5BD195388D20070C39A /* Debug */ = {
			isa = XCBuildConfiguration;
			buildSettings = {
				ALWAYS_SEARCH_USER_PATHS = NO;
				CLANG_CXX_LANGUAGE_STANDARD = "gnu++0x";
				CLANG_CXX_LIBRARY = "libc++";
				CLANG_ENABLE_MODULES = YES;
				CLANG_ENABLE_OBJC_ARC = YES;
				CLANG_WARN_BOOL_CONVERSION = YES;
				CLANG_WARN_CONSTANT_CONVERSION = YES;
				CLANG_WARN_DIRECT_OBJC_ISA_USAGE = YES_ERROR;
				CLANG_WARN_EMPTY_BODY = YES;
				CLANG_WARN_ENUM_CONVERSION = YES;
				CLANG_WARN_INFINITE_RECURSION = YES;
				CLANG_WARN_INT_CONVERSION = YES;
				CLANG_WARN_OBJC_ROOT_CLASS = YES_ERROR;
				CLANG_WARN_SUSPICIOUS_MOVE = YES;
				CLANG_WARN_UNREACHABLE_CODE = YES;
				CLANG_WARN__DUPLICATE_METHOD_MATCH = YES;
				"CODE_SIGN_IDENTITY[sdk=iphoneos*]" = "iPhone Developer";
				COPY_PHASE_STRIP = NO;
				ENABLE_STRICT_OBJC_MSGSEND = YES;
				ENABLE_TESTABILITY = YES;
				GCC_C_LANGUAGE_STANDARD = gnu99;
				GCC_DYNAMIC_NO_PIC = NO;
				GCC_NO_COMMON_BLOCKS = YES;
				GCC_OPTIMIZATION_LEVEL = 0;
				GCC_PREPROCESSOR_DEFINITIONS = (
					"DEBUG=1",
					"$(inherited)",
				);
				GCC_SYMBOLS_PRIVATE_EXTERN = NO;
				GCC_WARN_64_TO_32_BIT_CONVERSION = YES;
				GCC_WARN_ABOUT_RETURN_TYPE = YES_ERROR;
				GCC_WARN_UNDECLARED_SELECTOR = YES;
				GCC_WARN_UNINITIALIZED_AUTOS = YES_AGGRESSIVE;
				GCC_WARN_UNUSED_FUNCTION = YES;
				GCC_WARN_UNUSED_VARIABLE = YES;
				IPHONEOS_DEPLOYMENT_TARGET = 9.0;
				ONLY_ACTIVE_ARCH = YES;
				OTHER_SWIFT_FLAGS = "-Xfrontend -debug-time-function-bodies";
				SDKROOT = iphoneos;
				SWIFT_OPTIMIZATION_LEVEL = "-Onone";
				SWIFT_VERSION = 3.0;
				TARGETED_DEVICE_FAMILY = "1,2";
			};
			name = Debug;
		};
		6003F5BE195388D20070C39A /* Release */ = {
			isa = XCBuildConfiguration;
			buildSettings = {
				ALWAYS_SEARCH_USER_PATHS = NO;
				CLANG_CXX_LANGUAGE_STANDARD = "gnu++0x";
				CLANG_CXX_LIBRARY = "libc++";
				CLANG_ENABLE_MODULES = YES;
				CLANG_ENABLE_OBJC_ARC = YES;
				CLANG_WARN_BOOL_CONVERSION = YES;
				CLANG_WARN_CONSTANT_CONVERSION = YES;
				CLANG_WARN_DIRECT_OBJC_ISA_USAGE = YES_ERROR;
				CLANG_WARN_EMPTY_BODY = YES;
				CLANG_WARN_ENUM_CONVERSION = YES;
				CLANG_WARN_INFINITE_RECURSION = YES;
				CLANG_WARN_INT_CONVERSION = YES;
				CLANG_WARN_OBJC_ROOT_CLASS = YES_ERROR;
				CLANG_WARN_SUSPICIOUS_MOVE = YES;
				CLANG_WARN_UNREACHABLE_CODE = YES;
				CLANG_WARN__DUPLICATE_METHOD_MATCH = YES;
				"CODE_SIGN_IDENTITY[sdk=iphoneos*]" = "iPhone Developer";
				COPY_PHASE_STRIP = YES;
				ENABLE_NS_ASSERTIONS = NO;
				ENABLE_STRICT_OBJC_MSGSEND = YES;
				GCC_C_LANGUAGE_STANDARD = gnu99;
				GCC_NO_COMMON_BLOCKS = YES;
				GCC_WARN_64_TO_32_BIT_CONVERSION = YES;
				GCC_WARN_ABOUT_RETURN_TYPE = YES_ERROR;
				GCC_WARN_UNDECLARED_SELECTOR = YES;
				GCC_WARN_UNINITIALIZED_AUTOS = YES_AGGRESSIVE;
				GCC_WARN_UNUSED_FUNCTION = YES;
				GCC_WARN_UNUSED_VARIABLE = YES;
				IPHONEOS_DEPLOYMENT_TARGET = 9.0;
				OTHER_SWIFT_FLAGS = "-Xfrontend -debug-time-function-bodies";
				SDKROOT = iphoneos;
				SWIFT_OPTIMIZATION_LEVEL = "-Owholemodule";
				SWIFT_VERSION = 3.0;
				TARGETED_DEVICE_FAMILY = "1,2";
				VALIDATE_PRODUCT = YES;
			};
			name = Release;
		};
/* End XCBuildConfiguration section */

/* Begin XCConfigurationList section */
		18E484641BA8BFB1004CB09A /* Build configuration list for PBXNativeTarget "SwiftKit" */ = {
			isa = XCConfigurationList;
			buildConfigurations = (
				18E484651BA8BFB1004CB09A /* Debug */,
				18E484661BA8BFB1004CB09A /* Release */,
			);
			defaultConfigurationIsVisible = 0;
			defaultConfigurationName = Release;
		};
		18E484681BA8BFB1004CB09A /* Build configuration list for PBXNativeTarget "SwiftKitTests" */ = {
			isa = XCConfigurationList;
			buildConfigurations = (
				18E484691BA8BFB1004CB09A /* Debug */,
				18E4846A1BA8BFB1004CB09A /* Release */,
			);
			defaultConfigurationIsVisible = 0;
			defaultConfigurationName = Release;
		};
		6003F585195388D10070C39A /* Build configuration list for PBXProject "SwiftKit" */ = {
			isa = XCConfigurationList;
			buildConfigurations = (
				6003F5BD195388D20070C39A /* Debug */,
				6003F5BE195388D20070C39A /* Release */,
			);
			defaultConfigurationIsVisible = 0;
			defaultConfigurationName = Release;
		};
/* End XCConfigurationList section */
	};
	rootObject = 6003F582195388D10070C39A /* Project object */;
}
